
Microsoft Visual Studio Solution File, Format Version 12.00
# Visual Studio Version 16
VisualStudioVersion = 16.0.31321.278
MinimumVisualStudioVersion = 10.0.40219.1
Project("{8BC9CEB8-8B4A-11D0-8D11-00A0C91BC942}") = "Start", "Project1\Project1.vcxproj", "{6F014E4C-AA21-44EE-BF4D-E5111773D62D}"
EndProject
Project("{8BC9CEB8-8B4A-11D0-8D11-00A0C91BC942}") = "Main_f", "Project2\Project2.vcxproj", "{A4E026A4-B40A-4D86-86BE-05F79766C2DA}"
EndProject
Project("{8BC9CEB8-8B4A-11D0-8D11-00A0C91BC942}") = "Literal", "Iteral\Iteral.vcxproj", "{0D59E577-5967-48D4-BFE8-4F3A85D0C150}"
EndProject
Project("{8BC9CEB8-8B4A-11D0-8D11-00A0C91BC942}") = "Variable", "Project3\Project3.vcxproj", "{E6318A29-D638-41D5-AADC-B758773543F8}"
EndProject
Project("{8BC9CEB8-8B4A-11D0-8D11-00A0C91BC942}") = "project4", "project4\project4.vcxproj", "{D271DDE1-664D-4A17-9C99-47AE363505C7}"
EndProject
Project("{8BC9CEB8-8B4A-11D0-8D11-00A0C91BC942}") = "project5", "project5\project5.vcxproj", "{1051749C-464A-46E0-8DE0-D5E383722016}"
EndProject
Project("{8BC9CEB8-8B4A-11D0-8D11-00A0C91BC942}") = "Project6", "Project6\Project6.vcxproj", "{667BD2F5-C526-484B-990A-46B59600B6AF}"
EndProject
Project("{8BC9CEB8-8B4A-11D0-8D11-00A0C91BC942}") = "Project7", "Project7\Project7.vcxproj", "{EF4D6070-19C4-4AF6-B3BA-BAA9B3C77AED}"
EndProject
Project("{8BC9CEB8-8B4A-11D0-8D11-00A0C91BC942}") = "Project7.5", "Project8\Project8.vcxproj", "{4A0090D7-99FC-49F0-8A4E-F767079C1406}"
EndProject
Project("{8BC9CEB8-8B4A-11D0-8D11-00A0C91BC942}") = "Project8.5", "Project8.5\Project8.5.vcxproj", "{3FAD0F89-9DA0-4C86-892A-9E9D74501087}"
EndProject
Project("{8BC9CEB8-8B4A-11D0-8D11-00A0C91BC942}") = "Project9", "Project9\Project9.vcxproj", "{525E559A-7646-478A-9143-240DE4E77A9E}"
EndProject
Project("{8BC9CEB8-8B4A-11D0-8D11-00A0C91BC942}") = "Project10", "Project10\Project10.vcxproj", "{D0ED896D-B7E9-4605-A8F3-11DC56B16857}"
EndProject
Project("{8BC9CEB8-8B4A-11D0-8D11-00A0C91BC942}") = "Project11", "Project11\Project11.vcxproj", "{8483E089-5A4A-44D4-8B40-B94B5D964D07}"
EndProject
Project("{8BC9CEB8-8B4A-11D0-8D11-00A0C91BC942}") = "Project12", "Project12\Project12.vcxproj", "{DC9853AD-6A5D-474D-A24B-090E0A561520}"
EndProject
Project("{8BC9CEB8-8B4A-11D0-8D11-00A0C91BC942}") = "Project13", "Project13\Project13.vcxproj", "{28899630-2CE8-446A-A33E-F92D42324D7D}"
EndProject
Project("{8BC9CEB8-8B4A-11D0-8D11-00A0C91BC942}") = "Project14", "Project14\Project14.vcxproj", "{37992225-08A1-4CF4-9659-62A84AE87372}"
EndProject
Project("{8BC9CEB8-8B4A-11D0-8D11-00A0C91BC942}") = "Project15", "Project15\Project15.vcxproj", "{5A4C97E5-47AF-4B70-B7B4-01CA5FB85F89}"
EndProject
Project("{8BC9CEB8-8B4A-11D0-8D11-00A0C91BC942}") = "Project16", "Project16\Project16.vcxproj", "{BE2315B9-8C79-4974-8719-F9C969BBDA3B}"
EndProject
Project("{8BC9CEB8-8B4A-11D0-8D11-00A0C91BC942}") = "Project17", "Project17\Project17.vcxproj", "{9F5CE8B7-EE89-437A-B433-67A95B3E1828}"
EndProject
Project("{8BC9CEB8-8B4A-11D0-8D11-00A0C91BC942}") = "Project18", "Project18\Project18.vcxproj", "{4F705BE8-AD60-466B-B2BF-CE8EE67E3798}"
EndProject
Global
	GlobalSection(SolutionConfigurationPlatforms) = preSolution
		Debug|x64 = Debug|x64
		Debug|x86 = Debug|x86
		Release|x64 = Release|x64
		Release|x86 = Release|x86
	EndGlobalSection
	GlobalSection(ProjectConfigurationPlatforms) = postSolution
		{6F014E4C-AA21-44EE-BF4D-E5111773D62D}.Debug|x64.ActiveCfg = Debug|x64
		{6F014E4C-AA21-44EE-BF4D-E5111773D62D}.Debug|x64.Build.0 = Debug|x64
		{6F014E4C-AA21-44EE-BF4D-E5111773D62D}.Debug|x86.ActiveCfg = Debug|Win32
		{6F014E4C-AA21-44EE-BF4D-E5111773D62D}.Debug|x86.Build.0 = Debug|Win32
		{6F014E4C-AA21-44EE-BF4D-E5111773D62D}.Release|x64.ActiveCfg = Release|x64
		{6F014E4C-AA21-44EE-BF4D-E5111773D62D}.Release|x64.Build.0 = Release|x64
		{6F014E4C-AA21-44EE-BF4D-E5111773D62D}.Release|x86.ActiveCfg = Release|Win32
		{6F014E4C-AA21-44EE-BF4D-E5111773D62D}.Release|x86.Build.0 = Release|Win32
		{A4E026A4-B40A-4D86-86BE-05F79766C2DA}.Debug|x64.ActiveCfg = Debug|x64
		{A4E026A4-B40A-4D86-86BE-05F79766C2DA}.Debug|x64.Build.0 = Debug|x64
		{A4E026A4-B40A-4D86-86BE-05F79766C2DA}.Debug|x86.ActiveCfg = Debug|Win32
		{A4E026A4-B40A-4D86-86BE-05F79766C2DA}.Debug|x86.Build.0 = Debug|Win32
		{A4E026A4-B40A-4D86-86BE-05F79766C2DA}.Release|x64.ActiveCfg = Release|x64
		{A4E026A4-B40A-4D86-86BE-05F79766C2DA}.Release|x64.Build.0 = Release|x64
		{A4E026A4-B40A-4D86-86BE-05F79766C2DA}.Release|x86.ActiveCfg = Release|Win32
		{A4E026A4-B40A-4D86-86BE-05F79766C2DA}.Release|x86.Build.0 = Release|Win32
		{0D59E577-5967-48D4-BFE8-4F3A85D0C150}.Debug|x64.ActiveCfg = Debug|x64
		{0D59E577-5967-48D4-BFE8-4F3A85D0C150}.Debug|x64.Build.0 = Debug|x64
		{0D59E577-5967-48D4-BFE8-4F3A85D0C150}.Debug|x86.ActiveCfg = Debug|Win32
		{0D59E577-5967-48D4-BFE8-4F3A85D0C150}.Debug|x86.Build.0 = Debug|Win32
		{0D59E577-5967-48D4-BFE8-4F3A85D0C150}.Release|x64.ActiveCfg = Release|x64
		{0D59E577-5967-48D4-BFE8-4F3A85D0C150}.Release|x64.Build.0 = Release|x64
		{0D59E577-5967-48D4-BFE8-4F3A85D0C150}.Release|x86.ActiveCfg = Release|Win32
		{0D59E577-5967-48D4-BFE8-4F3A85D0C150}.Release|x86.Build.0 = Release|Win32
		{E6318A29-D638-41D5-AADC-B758773543F8}.Debug|x64.ActiveCfg = Debug|x64
		{E6318A29-D638-41D5-AADC-B758773543F8}.Debug|x64.Build.0 = Debug|x64
		{E6318A29-D638-41D5-AADC-B758773543F8}.Debug|x86.ActiveCfg = Debug|Win32
		{E6318A29-D638-41D5-AADC-B758773543F8}.Debug|x86.Build.0 = Debug|Win32
		{E6318A29-D638-41D5-AADC-B758773543F8}.Release|x64.ActiveCfg = Release|x64
		{E6318A29-D638-41D5-AADC-B758773543F8}.Release|x64.Build.0 = Release|x64
		{E6318A29-D638-41D5-AADC-B758773543F8}.Release|x86.ActiveCfg = Release|Win32
		{E6318A29-D638-41D5-AADC-B758773543F8}.Release|x86.Build.0 = Release|Win32
		{D271DDE1-664D-4A17-9C99-47AE363505C7}.Debug|x64.ActiveCfg = Debug|x64
		{D271DDE1-664D-4A17-9C99-47AE363505C7}.Debug|x64.Build.0 = Debug|x64
		{D271DDE1-664D-4A17-9C99-47AE363505C7}.Debug|x86.ActiveCfg = Debug|Win32
		{D271DDE1-664D-4A17-9C99-47AE363505C7}.Debug|x86.Build.0 = Debug|Win32
		{D271DDE1-664D-4A17-9C99-47AE363505C7}.Release|x64.ActiveCfg = Release|x64
		{D271DDE1-664D-4A17-9C99-47AE363505C7}.Release|x64.Build.0 = Release|x64
		{D271DDE1-664D-4A17-9C99-47AE363505C7}.Release|x86.ActiveCfg = Release|Win32
		{D271DDE1-664D-4A17-9C99-47AE363505C7}.Release|x86.Build.0 = Release|Win32
		{1051749C-464A-46E0-8DE0-D5E383722016}.Debug|x64.ActiveCfg = Debug|x64
		{1051749C-464A-46E0-8DE0-D5E383722016}.Debug|x64.Build.0 = Debug|x64
		{1051749C-464A-46E0-8DE0-D5E383722016}.Debug|x86.ActiveCfg = Debug|Win32
		{1051749C-464A-46E0-8DE0-D5E383722016}.Debug|x86.Build.0 = Debug|Win32
		{1051749C-464A-46E0-8DE0-D5E383722016}.Release|x64.ActiveCfg = Release|x64
		{1051749C-464A-46E0-8DE0-D5E383722016}.Release|x64.Build.0 = Release|x64
		{1051749C-464A-46E0-8DE0-D5E383722016}.Release|x86.ActiveCfg = Release|Win32
		{1051749C-464A-46E0-8DE0-D5E383722016}.Release|x86.Build.0 = Release|Win32
		{667BD2F5-C526-484B-990A-46B59600B6AF}.Debug|x64.ActiveCfg = Debug|x64
		{667BD2F5-C526-484B-990A-46B59600B6AF}.Debug|x64.Build.0 = Debug|x64
		{667BD2F5-C526-484B-990A-46B59600B6AF}.Debug|x86.ActiveCfg = Debug|Win32
		{667BD2F5-C526-484B-990A-46B59600B6AF}.Debug|x86.Build.0 = Debug|Win32
		{667BD2F5-C526-484B-990A-46B59600B6AF}.Release|x64.ActiveCfg = Release|x64
		{667BD2F5-C526-484B-990A-46B59600B6AF}.Release|x64.Build.0 = Release|x64
		{667BD2F5-C526-484B-990A-46B59600B6AF}.Release|x86.ActiveCfg = Release|Win32
		{667BD2F5-C526-484B-990A-46B59600B6AF}.Release|x86.Build.0 = Release|Win32
		{EF4D6070-19C4-4AF6-B3BA-BAA9B3C77AED}.Debug|x64.ActiveCfg = Debug|x64
		{EF4D6070-19C4-4AF6-B3BA-BAA9B3C77AED}.Debug|x64.Build.0 = Debug|x64
		{EF4D6070-19C4-4AF6-B3BA-BAA9B3C77AED}.Debug|x86.ActiveCfg = Debug|Win32
		{EF4D6070-19C4-4AF6-B3BA-BAA9B3C77AED}.Debug|x86.Build.0 = Debug|Win32
		{EF4D6070-19C4-4AF6-B3BA-BAA9B3C77AED}.Release|x64.ActiveCfg = Release|x64
		{EF4D6070-19C4-4AF6-B3BA-BAA9B3C77AED}.Release|x64.Build.0 = Release|x64
		{EF4D6070-19C4-4AF6-B3BA-BAA9B3C77AED}.Release|x86.ActiveCfg = Release|Win32
		{EF4D6070-19C4-4AF6-B3BA-BAA9B3C77AED}.Release|x86.Build.0 = Release|Win32
		{4A0090D7-99FC-49F0-8A4E-F767079C1406}.Debug|x64.ActiveCfg = Debug|x64
		{4A0090D7-99FC-49F0-8A4E-F767079C1406}.Debug|x64.Build.0 = Debug|x64
		{4A0090D7-99FC-49F0-8A4E-F767079C1406}.Debug|x86.ActiveCfg = Debug|Win32
		{4A0090D7-99FC-49F0-8A4E-F767079C1406}.Debug|x86.Build.0 = Debug|Win32
		{4A0090D7-99FC-49F0-8A4E-F767079C1406}.Release|x64.ActiveCfg = Release|x64
		{4A0090D7-99FC-49F0-8A4E-F767079C1406}.Release|x64.Build.0 = Release|x64
		{4A0090D7-99FC-49F0-8A4E-F767079C1406}.Release|x86.ActiveCfg = Release|Win32
		{4A0090D7-99FC-49F0-8A4E-F767079C1406}.Release|x86.Build.0 = Release|Win32
		{3FAD0F89-9DA0-4C86-892A-9E9D74501087}.Debug|x64.ActiveCfg = Debug|x64
		{3FAD0F89-9DA0-4C86-892A-9E9D74501087}.Debug|x64.Build.0 = Debug|x64
		{3FAD0F89-9DA0-4C86-892A-9E9D74501087}.Debug|x86.ActiveCfg = Debug|Win32
		{3FAD0F89-9DA0-4C86-892A-9E9D74501087}.Debug|x86.Build.0 = Debug|Win32
		{3FAD0F89-9DA0-4C86-892A-9E9D74501087}.Release|x64.ActiveCfg = Release|x64
		{3FAD0F89-9DA0-4C86-892A-9E9D74501087}.Release|x64.Build.0 = Release|x64
		{3FAD0F89-9DA0-4C86-892A-9E9D74501087}.Release|x86.ActiveCfg = Release|Win32
		{3FAD0F89-9DA0-4C86-892A-9E9D74501087}.Release|x86.Build.0 = Release|Win32
		{525E559A-7646-478A-9143-240DE4E77A9E}.Debug|x64.ActiveCfg = Debug|x64
		{525E559A-7646-478A-9143-240DE4E77A9E}.Debug|x64.Build.0 = Debug|x64
		{525E559A-7646-478A-9143-240DE4E77A9E}.Debug|x86.ActiveCfg = Debug|Win32
		{525E559A-7646-478A-9143-240DE4E77A9E}.Debug|x86.Build.0 = Debug|Win32
		{525E559A-7646-478A-9143-240DE4E77A9E}.Release|x64.ActiveCfg = Release|x64
		{525E559A-7646-478A-9143-240DE4E77A9E}.Release|x64.Build.0 = Release|x64
		{525E559A-7646-478A-9143-240DE4E77A9E}.Release|x86.ActiveCfg = Release|Win32
		{525E559A-7646-478A-9143-240DE4E77A9E}.Release|x86.Build.0 = Release|Win32
		{D0ED896D-B7E9-4605-A8F3-11DC56B16857}.Debug|x64.ActiveCfg = Debug|x64
		{D0ED896D-B7E9-4605-A8F3-11DC56B16857}.Debug|x64.Build.0 = Debug|x64
		{D0ED896D-B7E9-4605-A8F3-11DC56B16857}.Debug|x86.ActiveCfg = Debug|Win32
		{D0ED896D-B7E9-4605-A8F3-11DC56B16857}.Debug|x86.Build.0 = Debug|Win32
		{D0ED896D-B7E9-4605-A8F3-11DC56B16857}.Release|x64.ActiveCfg = Release|x64
		{D0ED896D-B7E9-4605-A8F3-11DC56B16857}.Release|x64.Build.0 = Release|x64
		{D0ED896D-B7E9-4605-A8F3-11DC56B16857}.Release|x86.ActiveCfg = Release|Win32
		{D0ED896D-B7E9-4605-A8F3-11DC56B16857}.Release|x86.Build.0 = Release|Win32
		{8483E089-5A4A-44D4-8B40-B94B5D964D07}.Debug|x64.ActiveCfg = Debug|x64
		{8483E089-5A4A-44D4-8B40-B94B5D964D07}.Debug|x64.Build.0 = Debug|x64
		{8483E089-5A4A-44D4-8B40-B94B5D964D07}.Debug|x86.ActiveCfg = Debug|Win32
		{8483E089-5A4A-44D4-8B40-B94B5D964D07}.Debug|x86.Build.0 = Debug|Win32
		{8483E089-5A4A-44D4-8B40-B94B5D964D07}.Release|x64.ActiveCfg = Release|x64
		{8483E089-5A4A-44D4-8B40-B94B5D964D07}.Release|x64.Build.0 = Release|x64
		{8483E089-5A4A-44D4-8B40-B94B5D964D07}.Release|x86.ActiveCfg = Release|Win32
		{8483E089-5A4A-44D4-8B40-B94B5D964D07}.Release|x86.Build.0 = Release|Win32
		{DC9853AD-6A5D-474D-A24B-090E0A561520}.Debug|x64.ActiveCfg = Debug|x64
		{DC9853AD-6A5D-474D-A24B-090E0A561520}.Debug|x64.Build.0 = Debug|x64
		{DC9853AD-6A5D-474D-A24B-090E0A561520}.Debug|x86.ActiveCfg = Debug|Win32
		{DC9853AD-6A5D-474D-A24B-090E0A561520}.Debug|x86.Build.0 = Debug|Win32
		{DC9853AD-6A5D-474D-A24B-090E0A561520}.Release|x64.ActiveCfg = Release|x64
		{DC9853AD-6A5D-474D-A24B-090E0A561520}.Release|x64.Build.0 = Release|x64
		{DC9853AD-6A5D-474D-A24B-090E0A561520}.Release|x86.ActiveCfg = Release|Win32
		{DC9853AD-6A5D-474D-A24B-090E0A561520}.Release|x86.Build.0 = Release|Win32
		{28899630-2CE8-446A-A33E-F92D42324D7D}.Debug|x64.ActiveCfg = Debug|x64
		{28899630-2CE8-446A-A33E-F92D42324D7D}.Debug|x64.Build.0 = Debug|x64
		{28899630-2CE8-446A-A33E-F92D42324D7D}.Debug|x86.ActiveCfg = Debug|Win32
		{28899630-2CE8-446A-A33E-F92D42324D7D}.Debug|x86.Build.0 = Debug|Win32
		{28899630-2CE8-446A-A33E-F92D42324D7D}.Release|x64.ActiveCfg = Release|x64
		{28899630-2CE8-446A-A33E-F92D42324D7D}.Release|x64.Build.0 = Release|x64
		{28899630-2CE8-446A-A33E-F92D42324D7D}.Release|x86.ActiveCfg = Release|Win32
		{28899630-2CE8-446A-A33E-F92D42324D7D}.Release|x86.Build.0 = Release|Win32
		{37992225-08A1-4CF4-9659-62A84AE87372}.Debug|x64.ActiveCfg = Debug|x64
		{37992225-08A1-4CF4-9659-62A84AE87372}.Debug|x64.Build.0 = Debug|x64
		{37992225-08A1-4CF4-9659-62A84AE87372}.Debug|x86.ActiveCfg = Debug|Win32
		{37992225-08A1-4CF4-9659-62A84AE87372}.Debug|x86.Build.0 = Debug|Win32
		{37992225-08A1-4CF4-9659-62A84AE87372}.Release|x64.ActiveCfg = Release|x64
		{37992225-08A1-4CF4-9659-62A84AE87372}.Release|x64.Build.0 = Release|x64
		{37992225-08A1-4CF4-9659-62A84AE87372}.Release|x86.ActiveCfg = Release|Win32
		{37992225-08A1-4CF4-9659-62A84AE87372}.Release|x86.Build.0 = Release|Win32
		{5A4C97E5-47AF-4B70-B7B4-01CA5FB85F89}.Debug|x64.ActiveCfg = Debug|x64
		{5A4C97E5-47AF-4B70-B7B4-01CA5FB85F89}.Debug|x64.Build.0 = Debug|x64
		{5A4C97E5-47AF-4B70-B7B4-01CA5FB85F89}.Debug|x86.ActiveCfg = Debug|Win32
		{5A4C97E5-47AF-4B70-B7B4-01CA5FB85F89}.Debug|x86.Build.0 = Debug|Win32
		{5A4C97E5-47AF-4B70-B7B4-01CA5FB85F89}.Release|x64.ActiveCfg = Release|x64
		{5A4C97E5-47AF-4B70-B7B4-01CA5FB85F89}.Release|x64.Build.0 = Release|x64
		{5A4C97E5-47AF-4B70-B7B4-01CA5FB85F89}.Release|x86.ActiveCfg = Release|Win32
		{5A4C97E5-47AF-4B70-B7B4-01CA5FB85F89}.Release|x86.Build.0 = Release|Win32
		{BE2315B9-8C79-4974-8719-F9C969BBDA3B}.Debug|x64.ActiveCfg = Debug|x64
		{BE2315B9-8C79-4974-8719-F9C969BBDA3B}.Debug|x64.Build.0 = Debug|x64
		{BE2315B9-8C79-4974-8719-F9C969BBDA3B}.Debug|x86.ActiveCfg = Debug|Win32
		{BE2315B9-8C79-4974-8719-F9C969BBDA3B}.Debug|x86.Build.0 = Debug|Win32
		{BE2315B9-8C79-4974-8719-F9C969BBDA3B}.Release|x64.ActiveCfg = Release|x64
		{BE2315B9-8C79-4974-8719-F9C969BBDA3B}.Release|x64.Build.0 = Release|x64
		{BE2315B9-8C79-4974-8719-F9C969BBDA3B}.Release|x86.ActiveCfg = Release|Win32
		{BE2315B9-8C79-4974-8719-F9C969BBDA3B}.Release|x86.Build.0 = Release|Win32
		{9F5CE8B7-EE89-437A-B433-67A95B3E1828}.Debug|x64.ActiveCfg = Debug|x64
		{9F5CE8B7-EE89-437A-B433-67A95B3E1828}.Debug|x64.Build.0 = Debug|x64
		{9F5CE8B7-EE89-437A-B433-67A95B3E1828}.Debug|x86.ActiveCfg = Debug|Win32
		{9F5CE8B7-EE89-437A-B433-67A95B3E1828}.Debug|x86.Build.0 = Debug|Win32
		{9F5CE8B7-EE89-437A-B433-67A95B3E1828}.Release|x64.ActiveCfg = Release|x64
		{9F5CE8B7-EE89-437A-B433-67A95B3E1828}.Release|x64.Build.0 = Release|x64
		{9F5CE8B7-EE89-437A-B433-67A95B3E1828}.Release|x86.ActiveCfg = Release|Win32
		{9F5CE8B7-EE89-437A-B433-67A95B3E1828}.Release|x86.Build.0 = Release|Win32
		{4F705BE8-AD60-466B-B2BF-CE8EE67E3798}.Debug|x64.ActiveCfg = Debug|x64
		{4F705BE8-AD60-466B-B2BF-CE8EE67E3798}.Debug|x64.Build.0 = Debug|x64
		{4F705BE8-AD60-466B-B2BF-CE8EE67E3798}.Debug|x86.ActiveCfg = Debug|Win32
		{4F705BE8-AD60-466B-B2BF-CE8EE67E3798}.Debug|x86.Build.0 = Debug|Win32
		{4F705BE8-AD60-466B-B2BF-CE8EE67E3798}.Release|x64.ActiveCfg = Release|x64
		{4F705BE8-AD60-466B-B2BF-CE8EE67E3798}.Release|x64.Build.0 = Release|x64
		{4F705BE8-AD60-466B-B2BF-CE8EE67E3798}.Release|x86.ActiveCfg = Release|Win32
		{4F705BE8-AD60-466B-B2BF-CE8EE67E3798}.Release|x86.Build.0 = Release|Win32
	EndGlobalSection
	GlobalSection(SolutionProperties) = preSolution
		HideSolutionNode = FALSE
	EndGlobalSection
	GlobalSection(ExtensibilityGlobals) = postSolution
		SolutionGuid = {AC30253D-CC55-41BE-9E76-7BD0BE945EE8}
	EndGlobalSection
EndGlobal
