
Microsoft Visual Studio Solution File, Format Version 12.00
# Visual Studio Version 16
VisualStudioVersion = 16.0.31321.278
MinimumVisualStudioVersion = 10.0.40219.1
Project("{8BC9CEB8-8B4A-11D0-8D11-00A0C91BC942}") = "Const_1", "Day005\Day005.vcxproj", "{5DCCD1F0-7232-49D4-B333-2640EFA6F007}"
EndProject
Project("{8BC9CEB8-8B4A-11D0-8D11-00A0C91BC942}") = "Const_2", "Const_2\Const_2.vcxproj", "{D37D3789-9B2F-43FC-89A8-FF8B687905D2}"
EndProject
Project("{8BC9CEB8-8B4A-11D0-8D11-00A0C91BC942}") = "Friend", "Friend\Friend.vcxproj", "{7749A0F5-32D9-42CA-B545-5050FE448771}"
EndProject
Project("{8BC9CEB8-8B4A-11D0-8D11-00A0C91BC942}") = "Friend_2", "Friend_2\Friend_2.vcxproj", "{A09A9DFB-74F9-4831-8F7C-50728DD13F17}"
EndProject
Project("{8BC9CEB8-8B4A-11D0-8D11-00A0C91BC942}") = "Static_1", "Static_1\Static_1.vcxproj", "{C88B8CBF-FBD6-42C8-942B-5C4B01733E7D}"
EndProject
Project("{8BC9CEB8-8B4A-11D0-8D11-00A0C91BC942}") = "Static_2", "Static_2\Static_2.vcxproj", "{33236EF0-7764-4509-9EA1-B3A8B442FB59}"
EndProject
Project("{8BC9CEB8-8B4A-11D0-8D11-00A0C91BC942}") = "Static_3", "Static_3\Static_3.vcxproj", "{FAA807EF-D028-4525-91B1-B502532D17CB}"
EndProject
Project("{8BC9CEB8-8B4A-11D0-8D11-00A0C91BC942}") = "Inheritance_1", "Inheritance_1\Inheritance_1.vcxproj", "{4E3B6737-3848-4D19-A467-FC8D657D0002}"
EndProject
Project("{8BC9CEB8-8B4A-11D0-8D11-00A0C91BC942}") = "Inheritance_2", "Inheritance_2\Inheritance_2.vcxproj", "{3FEC5F36-ADDB-45B2-8DDA-A81AB023EB37}"
EndProject
Project("{8BC9CEB8-8B4A-11D0-8D11-00A0C91BC942}") = "Inheritance_3", "Inheritance_3\Inheritance_3.vcxproj", "{8640ACE1-A1BE-4FD7-9318-3193A0011365}"
EndProject
Project("{8BC9CEB8-8B4A-11D0-8D11-00A0C91BC942}") = "Inheritance_4", "Inheritance_4\Inheritance_4.vcxproj", "{1C2A5042-1EA2-49D8-A897-A4C9595CF9C5}"
EndProject
Project("{8BC9CEB8-8B4A-11D0-8D11-00A0C91BC942}") = "Employee", "Employee\Employee.vcxproj", "{653358C9-A765-4FE3-A712-325639A90DAB}"
EndProject
Project("{8BC9CEB8-8B4A-11D0-8D11-00A0C91BC942}") = "Inheritance_5", "Employee_5\Employee_5.vcxproj", "{416D479D-7B60-4FBA-9FBA-B9C71949540A}"
EndProject
Project("{8BC9CEB8-8B4A-11D0-8D11-00A0C91BC942}") = "Inheritance_6", "Inheritance_6\Inheritance_6.vcxproj", "{CDDFB049-6DAE-4BAB-B8D8-72D394D7EC0B}"
EndProject
Global
	GlobalSection(SolutionConfigurationPlatforms) = preSolution
		Debug|x64 = Debug|x64
		Debug|x86 = Debug|x86
		Release|x64 = Release|x64
		Release|x86 = Release|x86
	EndGlobalSection
	GlobalSection(ProjectConfigurationPlatforms) = postSolution
		{5DCCD1F0-7232-49D4-B333-2640EFA6F007}.Debug|x64.ActiveCfg = Debug|x64
		{5DCCD1F0-7232-49D4-B333-2640EFA6F007}.Debug|x64.Build.0 = Debug|x64
		{5DCCD1F0-7232-49D4-B333-2640EFA6F007}.Debug|x86.ActiveCfg = Debug|Win32
		{5DCCD1F0-7232-49D4-B333-2640EFA6F007}.Debug|x86.Build.0 = Debug|Win32
		{5DCCD1F0-7232-49D4-B333-2640EFA6F007}.Release|x64.ActiveCfg = Release|x64
		{5DCCD1F0-7232-49D4-B333-2640EFA6F007}.Release|x64.Build.0 = Release|x64
		{5DCCD1F0-7232-49D4-B333-2640EFA6F007}.Release|x86.ActiveCfg = Release|Win32
		{5DCCD1F0-7232-49D4-B333-2640EFA6F007}.Release|x86.Build.0 = Release|Win32
		{D37D3789-9B2F-43FC-89A8-FF8B687905D2}.Debug|x64.ActiveCfg = Debug|x64
		{D37D3789-9B2F-43FC-89A8-FF8B687905D2}.Debug|x64.Build.0 = Debug|x64
		{D37D3789-9B2F-43FC-89A8-FF8B687905D2}.Debug|x86.ActiveCfg = Debug|Win32
		{D37D3789-9B2F-43FC-89A8-FF8B687905D2}.Debug|x86.Build.0 = Debug|Win32
		{D37D3789-9B2F-43FC-89A8-FF8B687905D2}.Release|x64.ActiveCfg = Release|x64
		{D37D3789-9B2F-43FC-89A8-FF8B687905D2}.Release|x64.Build.0 = Release|x64
		{D37D3789-9B2F-43FC-89A8-FF8B687905D2}.Release|x86.ActiveCfg = Release|Win32
		{D37D3789-9B2F-43FC-89A8-FF8B687905D2}.Release|x86.Build.0 = Release|Win32
		{7749A0F5-32D9-42CA-B545-5050FE448771}.Debug|x64.ActiveCfg = Debug|x64
		{7749A0F5-32D9-42CA-B545-5050FE448771}.Debug|x64.Build.0 = Debug|x64
		{7749A0F5-32D9-42CA-B545-5050FE448771}.Debug|x86.ActiveCfg = Debug|Win32
		{7749A0F5-32D9-42CA-B545-5050FE448771}.Debug|x86.Build.0 = Debug|Win32
		{7749A0F5-32D9-42CA-B545-5050FE448771}.Release|x64.ActiveCfg = Release|x64
		{7749A0F5-32D9-42CA-B545-5050FE448771}.Release|x64.Build.0 = Release|x64
		{7749A0F5-32D9-42CA-B545-5050FE448771}.Release|x86.ActiveCfg = Release|Win32
		{7749A0F5-32D9-42CA-B545-5050FE448771}.Release|x86.Build.0 = Release|Win32
		{A09A9DFB-74F9-4831-8F7C-50728DD13F17}.Debug|x64.ActiveCfg = Debug|x64
		{A09A9DFB-74F9-4831-8F7C-50728DD13F17}.Debug|x64.Build.0 = Debug|x64
		{A09A9DFB-74F9-4831-8F7C-50728DD13F17}.Debug|x86.ActiveCfg = Debug|Win32
		{A09A9DFB-74F9-4831-8F7C-50728DD13F17}.Debug|x86.Build.0 = Debug|Win32
		{A09A9DFB-74F9-4831-8F7C-50728DD13F17}.Release|x64.ActiveCfg = Release|x64
		{A09A9DFB-74F9-4831-8F7C-50728DD13F17}.Release|x64.Build.0 = Release|x64
		{A09A9DFB-74F9-4831-8F7C-50728DD13F17}.Release|x86.ActiveCfg = Release|Win32
		{A09A9DFB-74F9-4831-8F7C-50728DD13F17}.Release|x86.Build.0 = Release|Win32
		{C88B8CBF-FBD6-42C8-942B-5C4B01733E7D}.Debug|x64.ActiveCfg = Debug|x64
		{C88B8CBF-FBD6-42C8-942B-5C4B01733E7D}.Debug|x64.Build.0 = Debug|x64
		{C88B8CBF-FBD6-42C8-942B-5C4B01733E7D}.Debug|x86.ActiveCfg = Debug|Win32
		{C88B8CBF-FBD6-42C8-942B-5C4B01733E7D}.Debug|x86.Build.0 = Debug|Win32
		{C88B8CBF-FBD6-42C8-942B-5C4B01733E7D}.Release|x64.ActiveCfg = Release|x64
		{C88B8CBF-FBD6-42C8-942B-5C4B01733E7D}.Release|x64.Build.0 = Release|x64
		{C88B8CBF-FBD6-42C8-942B-5C4B01733E7D}.Release|x86.ActiveCfg = Release|Win32
		{C88B8CBF-FBD6-42C8-942B-5C4B01733E7D}.Release|x86.Build.0 = Release|Win32
		{33236EF0-7764-4509-9EA1-B3A8B442FB59}.Debug|x64.ActiveCfg = Debug|x64
		{33236EF0-7764-4509-9EA1-B3A8B442FB59}.Debug|x64.Build.0 = Debug|x64
		{33236EF0-7764-4509-9EA1-B3A8B442FB59}.Debug|x86.ActiveCfg = Debug|Win32
		{33236EF0-7764-4509-9EA1-B3A8B442FB59}.Debug|x86.Build.0 = Debug|Win32
		{33236EF0-7764-4509-9EA1-B3A8B442FB59}.Release|x64.ActiveCfg = Release|x64
		{33236EF0-7764-4509-9EA1-B3A8B442FB59}.Release|x64.Build.0 = Release|x64
		{33236EF0-7764-4509-9EA1-B3A8B442FB59}.Release|x86.ActiveCfg = Release|Win32
		{33236EF0-7764-4509-9EA1-B3A8B442FB59}.Release|x86.Build.0 = Release|Win32
		{FAA807EF-D028-4525-91B1-B502532D17CB}.Debug|x64.ActiveCfg = Debug|x64
		{FAA807EF-D028-4525-91B1-B502532D17CB}.Debug|x64.Build.0 = Debug|x64
		{FAA807EF-D028-4525-91B1-B502532D17CB}.Debug|x86.ActiveCfg = Debug|Win32
		{FAA807EF-D028-4525-91B1-B502532D17CB}.Debug|x86.Build.0 = Debug|Win32
		{FAA807EF-D028-4525-91B1-B502532D17CB}.Release|x64.ActiveCfg = Release|x64
		{FAA807EF-D028-4525-91B1-B502532D17CB}.Release|x64.Build.0 = Release|x64
		{FAA807EF-D028-4525-91B1-B502532D17CB}.Release|x86.ActiveCfg = Release|Win32
		{FAA807EF-D028-4525-91B1-B502532D17CB}.Release|x86.Build.0 = Release|Win32
		{4E3B6737-3848-4D19-A467-FC8D657D0002}.Debug|x64.ActiveCfg = Debug|x64
		{4E3B6737-3848-4D19-A467-FC8D657D0002}.Debug|x64.Build.0 = Debug|x64
		{4E3B6737-3848-4D19-A467-FC8D657D0002}.Debug|x86.ActiveCfg = Debug|Win32
		{4E3B6737-3848-4D19-A467-FC8D657D0002}.Debug|x86.Build.0 = Debug|Win32
		{4E3B6737-3848-4D19-A467-FC8D657D0002}.Release|x64.ActiveCfg = Release|x64
		{4E3B6737-3848-4D19-A467-FC8D657D0002}.Release|x64.Build.0 = Release|x64
		{4E3B6737-3848-4D19-A467-FC8D657D0002}.Release|x86.ActiveCfg = Release|Win32
		{4E3B6737-3848-4D19-A467-FC8D657D0002}.Release|x86.Build.0 = Release|Win32
		{3FEC5F36-ADDB-45B2-8DDA-A81AB023EB37}.Debug|x64.ActiveCfg = Debug|x64
		{3FEC5F36-ADDB-45B2-8DDA-A81AB023EB37}.Debug|x64.Build.0 = Debug|x64
		{3FEC5F36-ADDB-45B2-8DDA-A81AB023EB37}.Debug|x86.ActiveCfg = Debug|Win32
		{3FEC5F36-ADDB-45B2-8DDA-A81AB023EB37}.Debug|x86.Build.0 = Debug|Win32
		{3FEC5F36-ADDB-45B2-8DDA-A81AB023EB37}.Release|x64.ActiveCfg = Release|x64
		{3FEC5F36-ADDB-45B2-8DDA-A81AB023EB37}.Release|x64.Build.0 = Release|x64
		{3FEC5F36-ADDB-45B2-8DDA-A81AB023EB37}.Release|x86.ActiveCfg = Release|Win32
		{3FEC5F36-ADDB-45B2-8DDA-A81AB023EB37}.Release|x86.Build.0 = Release|Win32
		{8640ACE1-A1BE-4FD7-9318-3193A0011365}.Debug|x64.ActiveCfg = Debug|x64
		{8640ACE1-A1BE-4FD7-9318-3193A0011365}.Debug|x64.Build.0 = Debug|x64
		{8640ACE1-A1BE-4FD7-9318-3193A0011365}.Debug|x86.ActiveCfg = Debug|Win32
		{8640ACE1-A1BE-4FD7-9318-3193A0011365}.Debug|x86.Build.0 = Debug|Win32
		{8640ACE1-A1BE-4FD7-9318-3193A0011365}.Release|x64.ActiveCfg = Release|x64
		{8640ACE1-A1BE-4FD7-9318-3193A0011365}.Release|x64.Build.0 = Release|x64
		{8640ACE1-A1BE-4FD7-9318-3193A0011365}.Release|x86.ActiveCfg = Release|Win32
		{8640ACE1-A1BE-4FD7-9318-3193A0011365}.Release|x86.Build.0 = Release|Win32
		{1C2A5042-1EA2-49D8-A897-A4C9595CF9C5}.Debug|x64.ActiveCfg = Debug|x64
		{1C2A5042-1EA2-49D8-A897-A4C9595CF9C5}.Debug|x64.Build.0 = Debug|x64
		{1C2A5042-1EA2-49D8-A897-A4C9595CF9C5}.Debug|x86.ActiveCfg = Debug|Win32
		{1C2A5042-1EA2-49D8-A897-A4C9595CF9C5}.Debug|x86.Build.0 = Debug|Win32
		{1C2A5042-1EA2-49D8-A897-A4C9595CF9C5}.Release|x64.ActiveCfg = Release|x64
		{1C2A5042-1EA2-49D8-A897-A4C9595CF9C5}.Release|x64.Build.0 = Release|x64
		{1C2A5042-1EA2-49D8-A897-A4C9595CF9C5}.Release|x86.ActiveCfg = Release|Win32
		{1C2A5042-1EA2-49D8-A897-A4C9595CF9C5}.Release|x86.Build.0 = Release|Win32
		{653358C9-A765-4FE3-A712-325639A90DAB}.Debug|x64.ActiveCfg = Debug|x64
		{653358C9-A765-4FE3-A712-325639A90DAB}.Debug|x64.Build.0 = Debug|x64
		{653358C9-A765-4FE3-A712-325639A90DAB}.Debug|x86.ActiveCfg = Debug|Win32
		{653358C9-A765-4FE3-A712-325639A90DAB}.Debug|x86.Build.0 = Debug|Win32
		{653358C9-A765-4FE3-A712-325639A90DAB}.Release|x64.ActiveCfg = Release|x64
		{653358C9-A765-4FE3-A712-325639A90DAB}.Release|x64.Build.0 = Release|x64
		{653358C9-A765-4FE3-A712-325639A90DAB}.Release|x86.ActiveCfg = Release|Win32
		{653358C9-A765-4FE3-A712-325639A90DAB}.Release|x86.Build.0 = Release|Win32
		{416D479D-7B60-4FBA-9FBA-B9C71949540A}.Debug|x64.ActiveCfg = Debug|x64
		{416D479D-7B60-4FBA-9FBA-B9C71949540A}.Debug|x64.Build.0 = Debug|x64
		{416D479D-7B60-4FBA-9FBA-B9C71949540A}.Debug|x86.ActiveCfg = Debug|Win32
		{416D479D-7B60-4FBA-9FBA-B9C71949540A}.Debug|x86.Build.0 = Debug|Win32
		{416D479D-7B60-4FBA-9FBA-B9C71949540A}.Release|x64.ActiveCfg = Release|x64
		{416D479D-7B60-4FBA-9FBA-B9C71949540A}.Release|x64.Build.0 = Release|x64
		{416D479D-7B60-4FBA-9FBA-B9C71949540A}.Release|x86.ActiveCfg = Release|Win32
		{416D479D-7B60-4FBA-9FBA-B9C71949540A}.Release|x86.Build.0 = Release|Win32
		{CDDFB049-6DAE-4BAB-B8D8-72D394D7EC0B}.Debug|x64.ActiveCfg = Debug|x64
		{CDDFB049-6DAE-4BAB-B8D8-72D394D7EC0B}.Debug|x64.Build.0 = Debug|x64
		{CDDFB049-6DAE-4BAB-B8D8-72D394D7EC0B}.Debug|x86.ActiveCfg = Debug|Win32
		{CDDFB049-6DAE-4BAB-B8D8-72D394D7EC0B}.Debug|x86.Build.0 = Debug|Win32
		{CDDFB049-6DAE-4BAB-B8D8-72D394D7EC0B}.Release|x64.ActiveCfg = Release|x64
		{CDDFB049-6DAE-4BAB-B8D8-72D394D7EC0B}.Release|x64.Build.0 = Release|x64
		{CDDFB049-6DAE-4BAB-B8D8-72D394D7EC0B}.Release|x86.ActiveCfg = Release|Win32
		{CDDFB049-6DAE-4BAB-B8D8-72D394D7EC0B}.Release|x86.Build.0 = Release|Win32
	EndGlobalSection
	GlobalSection(SolutionProperties) = preSolution
		HideSolutionNode = FALSE
	EndGlobalSection
	GlobalSection(ExtensibilityGlobals) = postSolution
		SolutionGuid = {F8A37647-DAB3-44B8-943F-E2913D885225}
	EndGlobalSection
EndGlobal
