
Microsoft Visual Studio Solution File, Format Version 12.00
# Visual Studio Version 16
VisualStudioVersion = 16.0.31321.278
MinimumVisualStudioVersion = 10.0.40219.1
Project("{8BC9CEB8-8B4A-11D0-8D11-00A0C91BC942}") = "Day004", "Day004\Day004.vcxproj", "{B6B154BD-338F-427E-B5B6-9D86A306A7CF}"
EndProject
Project("{8BC9CEB8-8B4A-11D0-8D11-00A0C91BC942}") = "Reference", "Reference\Reference.vcxproj", "{AD9A2B2E-B982-499E-B59E-4F888DB23CD2}"
EndProject
Project("{8BC9CEB8-8B4A-11D0-8D11-00A0C91BC942}") = "Reference_2", "Reference_2\Reference_2.vcxproj", "{620575E9-C86A-4F20-B8B1-6AC6829CD71A}"
EndProject
Project("{8BC9CEB8-8B4A-11D0-8D11-00A0C91BC942}") = "Reference_3", "Reference_3\Reference_3.vcxproj", "{B82AF3C5-D127-4037-84D8-53B429A8E2B4}"
EndProject
Project("{8BC9CEB8-8B4A-11D0-8D11-00A0C91BC942}") = "Reference_4", "Reference_4\Reference_4.vcxproj", "{C8EAC116-F2A8-44AB-82DC-52D3B60B2FAE}"
EndProject
Project("{8BC9CEB8-8B4A-11D0-8D11-00A0C91BC942}") = "Reference_5", "Reference_5\Reference_5.vcxproj", "{0DBED1CB-42EC-42AE-B9A0-E105E3AF10DD}"
EndProject
Project("{8BC9CEB8-8B4A-11D0-8D11-00A0C91BC942}") = "Sturcture_1", "Sturcture_1\Sturcture_1.vcxproj", "{789AA45A-972B-46C2-8756-7DE9EDE78582}"
EndProject
Project("{8BC9CEB8-8B4A-11D0-8D11-00A0C91BC942}") = "CarRacing", "CarRacing\CarRacing.vcxproj", "{2355B96C-3B7C-4CBE-8EDC-100F43E5970F}"
EndProject
Project("{8BC9CEB8-8B4A-11D0-8D11-00A0C91BC942}") = "CarRacing_2", "CarRacing_2\CarRacing_2.vcxproj", "{D674CF9F-6703-498B-85F4-DACE55A77020}"
EndProject
Project("{8BC9CEB8-8B4A-11D0-8D11-00A0C91BC942}") = "FruitSaler", "FruitSaler\FruitSaler.vcxproj", "{3D9F1E4F-09E8-46DB-BF97-2306251BF58A}"
EndProject
Project("{8BC9CEB8-8B4A-11D0-8D11-00A0C91BC942}") = "PointClass", "PointClass\PointClass.vcxproj", "{DDB96AC1-756D-4B26-9608-24BBC7AA7A00}"
EndProject
Project("{8BC9CEB8-8B4A-11D0-8D11-00A0C91BC942}") = "Point", "Point\Point.vcxproj", "{BB8A1084-B269-4BD8-B898-09669D903471}"
EndProject
Project("{8BC9CEB8-8B4A-11D0-8D11-00A0C91BC942}") = "Person", "Person\Person.vcxproj", "{F6A3FA90-45A0-4A54-861B-4AAE6FC35952}"
EndProject
Project("{8BC9CEB8-8B4A-11D0-8D11-00A0C91BC942}") = "Person_2", "Person_2\Person_2.vcxproj", "{AC0B4366-0656-4E00-8D5E-74A9906FD69D}"
EndProject
Project("{8BC9CEB8-8B4A-11D0-8D11-00A0C91BC942}") = "Constructor", "Constructor\Constructor.vcxproj", "{FBDC84C9-DA28-40EB-B6AA-1D29C44295AA}"
EndProject
Global
	GlobalSection(SolutionConfigurationPlatforms) = preSolution
		Debug|x64 = Debug|x64
		Debug|x86 = Debug|x86
		Release|x64 = Release|x64
		Release|x86 = Release|x86
	EndGlobalSection
	GlobalSection(ProjectConfigurationPlatforms) = postSolution
		{B6B154BD-338F-427E-B5B6-9D86A306A7CF}.Debug|x64.ActiveCfg = Debug|x64
		{B6B154BD-338F-427E-B5B6-9D86A306A7CF}.Debug|x64.Build.0 = Debug|x64
		{B6B154BD-338F-427E-B5B6-9D86A306A7CF}.Debug|x86.ActiveCfg = Debug|Win32
		{B6B154BD-338F-427E-B5B6-9D86A306A7CF}.Debug|x86.Build.0 = Debug|Win32
		{B6B154BD-338F-427E-B5B6-9D86A306A7CF}.Release|x64.ActiveCfg = Release|x64
		{B6B154BD-338F-427E-B5B6-9D86A306A7CF}.Release|x64.Build.0 = Release|x64
		{B6B154BD-338F-427E-B5B6-9D86A306A7CF}.Release|x86.ActiveCfg = Release|Win32
		{B6B154BD-338F-427E-B5B6-9D86A306A7CF}.Release|x86.Build.0 = Release|Win32
		{AD9A2B2E-B982-499E-B59E-4F888DB23CD2}.Debug|x64.ActiveCfg = Debug|x64
		{AD9A2B2E-B982-499E-B59E-4F888DB23CD2}.Debug|x64.Build.0 = Debug|x64
		{AD9A2B2E-B982-499E-B59E-4F888DB23CD2}.Debug|x86.ActiveCfg = Debug|Win32
		{AD9A2B2E-B982-499E-B59E-4F888DB23CD2}.Debug|x86.Build.0 = Debug|Win32
		{AD9A2B2E-B982-499E-B59E-4F888DB23CD2}.Release|x64.ActiveCfg = Release|x64
		{AD9A2B2E-B982-499E-B59E-4F888DB23CD2}.Release|x64.Build.0 = Release|x64
		{AD9A2B2E-B982-499E-B59E-4F888DB23CD2}.Release|x86.ActiveCfg = Release|Win32
		{AD9A2B2E-B982-499E-B59E-4F888DB23CD2}.Release|x86.Build.0 = Release|Win32
		{620575E9-C86A-4F20-B8B1-6AC6829CD71A}.Debug|x64.ActiveCfg = Debug|x64
		{620575E9-C86A-4F20-B8B1-6AC6829CD71A}.Debug|x64.Build.0 = Debug|x64
		{620575E9-C86A-4F20-B8B1-6AC6829CD71A}.Debug|x86.ActiveCfg = Debug|Win32
		{620575E9-C86A-4F20-B8B1-6AC6829CD71A}.Debug|x86.Build.0 = Debug|Win32
		{620575E9-C86A-4F20-B8B1-6AC6829CD71A}.Release|x64.ActiveCfg = Release|x64
		{620575E9-C86A-4F20-B8B1-6AC6829CD71A}.Release|x64.Build.0 = Release|x64
		{620575E9-C86A-4F20-B8B1-6AC6829CD71A}.Release|x86.ActiveCfg = Release|Win32
		{620575E9-C86A-4F20-B8B1-6AC6829CD71A}.Release|x86.Build.0 = Release|Win32
		{B82AF3C5-D127-4037-84D8-53B429A8E2B4}.Debug|x64.ActiveCfg = Debug|x64
		{B82AF3C5-D127-4037-84D8-53B429A8E2B4}.Debug|x64.Build.0 = Debug|x64
		{B82AF3C5-D127-4037-84D8-53B429A8E2B4}.Debug|x86.ActiveCfg = Debug|Win32
		{B82AF3C5-D127-4037-84D8-53B429A8E2B4}.Debug|x86.Build.0 = Debug|Win32
		{B82AF3C5-D127-4037-84D8-53B429A8E2B4}.Release|x64.ActiveCfg = Release|x64
		{B82AF3C5-D127-4037-84D8-53B429A8E2B4}.Release|x64.Build.0 = Release|x64
		{B82AF3C5-D127-4037-84D8-53B429A8E2B4}.Release|x86.ActiveCfg = Release|Win32
		{B82AF3C5-D127-4037-84D8-53B429A8E2B4}.Release|x86.Build.0 = Release|Win32
		{C8EAC116-F2A8-44AB-82DC-52D3B60B2FAE}.Debug|x64.ActiveCfg = Debug|x64
		{C8EAC116-F2A8-44AB-82DC-52D3B60B2FAE}.Debug|x64.Build.0 = Debug|x64
		{C8EAC116-F2A8-44AB-82DC-52D3B60B2FAE}.Debug|x86.ActiveCfg = Debug|Win32
		{C8EAC116-F2A8-44AB-82DC-52D3B60B2FAE}.Debug|x86.Build.0 = Debug|Win32
		{C8EAC116-F2A8-44AB-82DC-52D3B60B2FAE}.Release|x64.ActiveCfg = Release|x64
		{C8EAC116-F2A8-44AB-82DC-52D3B60B2FAE}.Release|x64.Build.0 = Release|x64
		{C8EAC116-F2A8-44AB-82DC-52D3B60B2FAE}.Release|x86.ActiveCfg = Release|Win32
		{C8EAC116-F2A8-44AB-82DC-52D3B60B2FAE}.Release|x86.Build.0 = Release|Win32
		{0DBED1CB-42EC-42AE-B9A0-E105E3AF10DD}.Debug|x64.ActiveCfg = Debug|x64
		{0DBED1CB-42EC-42AE-B9A0-E105E3AF10DD}.Debug|x64.Build.0 = Debug|x64
		{0DBED1CB-42EC-42AE-B9A0-E105E3AF10DD}.Debug|x86.ActiveCfg = Debug|Win32
		{0DBED1CB-42EC-42AE-B9A0-E105E3AF10DD}.Debug|x86.Build.0 = Debug|Win32
		{0DBED1CB-42EC-42AE-B9A0-E105E3AF10DD}.Release|x64.ActiveCfg = Release|x64
		{0DBED1CB-42EC-42AE-B9A0-E105E3AF10DD}.Release|x64.Build.0 = Release|x64
		{0DBED1CB-42EC-42AE-B9A0-E105E3AF10DD}.Release|x86.ActiveCfg = Release|Win32
		{0DBED1CB-42EC-42AE-B9A0-E105E3AF10DD}.Release|x86.Build.0 = Release|Win32
		{789AA45A-972B-46C2-8756-7DE9EDE78582}.Debug|x64.ActiveCfg = Debug|x64
		{789AA45A-972B-46C2-8756-7DE9EDE78582}.Debug|x64.Build.0 = Debug|x64
		{789AA45A-972B-46C2-8756-7DE9EDE78582}.Debug|x86.ActiveCfg = Debug|Win32
		{789AA45A-972B-46C2-8756-7DE9EDE78582}.Debug|x86.Build.0 = Debug|Win32
		{789AA45A-972B-46C2-8756-7DE9EDE78582}.Release|x64.ActiveCfg = Release|x64
		{789AA45A-972B-46C2-8756-7DE9EDE78582}.Release|x64.Build.0 = Release|x64
		{789AA45A-972B-46C2-8756-7DE9EDE78582}.Release|x86.ActiveCfg = Release|Win32
		{789AA45A-972B-46C2-8756-7DE9EDE78582}.Release|x86.Build.0 = Release|Win32
		{2355B96C-3B7C-4CBE-8EDC-100F43E5970F}.Debug|x64.ActiveCfg = Debug|x64
		{2355B96C-3B7C-4CBE-8EDC-100F43E5970F}.Debug|x64.Build.0 = Debug|x64
		{2355B96C-3B7C-4CBE-8EDC-100F43E5970F}.Debug|x86.ActiveCfg = Debug|Win32
		{2355B96C-3B7C-4CBE-8EDC-100F43E5970F}.Debug|x86.Build.0 = Debug|Win32
		{2355B96C-3B7C-4CBE-8EDC-100F43E5970F}.Release|x64.ActiveCfg = Release|x64
		{2355B96C-3B7C-4CBE-8EDC-100F43E5970F}.Release|x64.Build.0 = Release|x64
		{2355B96C-3B7C-4CBE-8EDC-100F43E5970F}.Release|x86.ActiveCfg = Release|Win32
		{2355B96C-3B7C-4CBE-8EDC-100F43E5970F}.Release|x86.Build.0 = Release|Win32
		{D674CF9F-6703-498B-85F4-DACE55A77020}.Debug|x64.ActiveCfg = Debug|x64
		{D674CF9F-6703-498B-85F4-DACE55A77020}.Debug|x64.Build.0 = Debug|x64
		{D674CF9F-6703-498B-85F4-DACE55A77020}.Debug|x86.ActiveCfg = Debug|Win32
		{D674CF9F-6703-498B-85F4-DACE55A77020}.Debug|x86.Build.0 = Debug|Win32
		{D674CF9F-6703-498B-85F4-DACE55A77020}.Release|x64.ActiveCfg = Release|x64
		{D674CF9F-6703-498B-85F4-DACE55A77020}.Release|x64.Build.0 = Release|x64
		{D674CF9F-6703-498B-85F4-DACE55A77020}.Release|x86.ActiveCfg = Release|Win32
		{D674CF9F-6703-498B-85F4-DACE55A77020}.Release|x86.Build.0 = Release|Win32
		{3D9F1E4F-09E8-46DB-BF97-2306251BF58A}.Debug|x64.ActiveCfg = Debug|x64
		{3D9F1E4F-09E8-46DB-BF97-2306251BF58A}.Debug|x64.Build.0 = Debug|x64
		{3D9F1E4F-09E8-46DB-BF97-2306251BF58A}.Debug|x86.ActiveCfg = Debug|Win32
		{3D9F1E4F-09E8-46DB-BF97-2306251BF58A}.Debug|x86.Build.0 = Debug|Win32
		{3D9F1E4F-09E8-46DB-BF97-2306251BF58A}.Release|x64.ActiveCfg = Release|x64
		{3D9F1E4F-09E8-46DB-BF97-2306251BF58A}.Release|x64.Build.0 = Release|x64
		{3D9F1E4F-09E8-46DB-BF97-2306251BF58A}.Release|x86.ActiveCfg = Release|Win32
		{3D9F1E4F-09E8-46DB-BF97-2306251BF58A}.Release|x86.Build.0 = Release|Win32
		{DDB96AC1-756D-4B26-9608-24BBC7AA7A00}.Debug|x64.ActiveCfg = Debug|x64
		{DDB96AC1-756D-4B26-9608-24BBC7AA7A00}.Debug|x64.Build.0 = Debug|x64
		{DDB96AC1-756D-4B26-9608-24BBC7AA7A00}.Debug|x86.ActiveCfg = Debug|Win32
		{DDB96AC1-756D-4B26-9608-24BBC7AA7A00}.Debug|x86.Build.0 = Debug|Win32
		{DDB96AC1-756D-4B26-9608-24BBC7AA7A00}.Release|x64.ActiveCfg = Release|x64
		{DDB96AC1-756D-4B26-9608-24BBC7AA7A00}.Release|x64.Build.0 = Release|x64
		{DDB96AC1-756D-4B26-9608-24BBC7AA7A00}.Release|x86.ActiveCfg = Release|Win32
		{DDB96AC1-756D-4B26-9608-24BBC7AA7A00}.Release|x86.Build.0 = Release|Win32
		{BB8A1084-B269-4BD8-B898-09669D903471}.Debug|x64.ActiveCfg = Debug|x64
		{BB8A1084-B269-4BD8-B898-09669D903471}.Debug|x64.Build.0 = Debug|x64
		{BB8A1084-B269-4BD8-B898-09669D903471}.Debug|x86.ActiveCfg = Debug|Win32
		{BB8A1084-B269-4BD8-B898-09669D903471}.Debug|x86.Build.0 = Debug|Win32
		{BB8A1084-B269-4BD8-B898-09669D903471}.Release|x64.ActiveCfg = Release|x64
		{BB8A1084-B269-4BD8-B898-09669D903471}.Release|x64.Build.0 = Release|x64
		{BB8A1084-B269-4BD8-B898-09669D903471}.Release|x86.ActiveCfg = Release|Win32
		{BB8A1084-B269-4BD8-B898-09669D903471}.Release|x86.Build.0 = Release|Win32
		{F6A3FA90-45A0-4A54-861B-4AAE6FC35952}.Debug|x64.ActiveCfg = Debug|x64
		{F6A3FA90-45A0-4A54-861B-4AAE6FC35952}.Debug|x64.Build.0 = Debug|x64
		{F6A3FA90-45A0-4A54-861B-4AAE6FC35952}.Debug|x86.ActiveCfg = Debug|Win32
		{F6A3FA90-45A0-4A54-861B-4AAE6FC35952}.Debug|x86.Build.0 = Debug|Win32
		{F6A3FA90-45A0-4A54-861B-4AAE6FC35952}.Release|x64.ActiveCfg = Release|x64
		{F6A3FA90-45A0-4A54-861B-4AAE6FC35952}.Release|x64.Build.0 = Release|x64
		{F6A3FA90-45A0-4A54-861B-4AAE6FC35952}.Release|x86.ActiveCfg = Release|Win32
		{F6A3FA90-45A0-4A54-861B-4AAE6FC35952}.Release|x86.Build.0 = Release|Win32
		{AC0B4366-0656-4E00-8D5E-74A9906FD69D}.Debug|x64.ActiveCfg = Debug|x64
		{AC0B4366-0656-4E00-8D5E-74A9906FD69D}.Debug|x64.Build.0 = Debug|x64
		{AC0B4366-0656-4E00-8D5E-74A9906FD69D}.Debug|x86.ActiveCfg = Debug|Win32
		{AC0B4366-0656-4E00-8D5E-74A9906FD69D}.Debug|x86.Build.0 = Debug|Win32
		{AC0B4366-0656-4E00-8D5E-74A9906FD69D}.Release|x64.ActiveCfg = Release|x64
		{AC0B4366-0656-4E00-8D5E-74A9906FD69D}.Release|x64.Build.0 = Release|x64
		{AC0B4366-0656-4E00-8D5E-74A9906FD69D}.Release|x86.ActiveCfg = Release|Win32
		{AC0B4366-0656-4E00-8D5E-74A9906FD69D}.Release|x86.Build.0 = Release|Win32
		{FBDC84C9-DA28-40EB-B6AA-1D29C44295AA}.Debug|x64.ActiveCfg = Debug|x64
		{FBDC84C9-DA28-40EB-B6AA-1D29C44295AA}.Debug|x64.Build.0 = Debug|x64
		{FBDC84C9-DA28-40EB-B6AA-1D29C44295AA}.Debug|x86.ActiveCfg = Debug|Win32
		{FBDC84C9-DA28-40EB-B6AA-1D29C44295AA}.Debug|x86.Build.0 = Debug|Win32
		{FBDC84C9-DA28-40EB-B6AA-1D29C44295AA}.Release|x64.ActiveCfg = Release|x64
		{FBDC84C9-DA28-40EB-B6AA-1D29C44295AA}.Release|x64.Build.0 = Release|x64
		{FBDC84C9-DA28-40EB-B6AA-1D29C44295AA}.Release|x86.ActiveCfg = Release|Win32
		{FBDC84C9-DA28-40EB-B6AA-1D29C44295AA}.Release|x86.Build.0 = Release|Win32
	EndGlobalSection
	GlobalSection(SolutionProperties) = preSolution
		HideSolutionNode = FALSE
	EndGlobalSection
	GlobalSection(ExtensibilityGlobals) = postSolution
		SolutionGuid = {2793F18C-3AA3-4639-B2CF-1F45C79F2783}
	EndGlobalSection
EndGlobal
