
Microsoft Visual Studio Solution File, Format Version 12.00
# Visual Studio Version 16
VisualStudioVersion = 16.0.31321.278
MinimumVisualStudioVersion = 10.0.40219.1
Project("{8BC9CEB8-8B4A-11D0-8D11-00A0C91BC942}") = "Day003", "Day003\Day003.vcxproj", "{5CE23396-9EB2-42AE-B645-79F4305F78AF}"
EndProject
Project("{8BC9CEB8-8B4A-11D0-8D11-00A0C91BC942}") = "Class_1", "Class_1\Class_1.vcxproj", "{EAF85076-A5D5-467C-9CC6-3989C997363B}"
EndProject
Project("{8BC9CEB8-8B4A-11D0-8D11-00A0C91BC942}") = "Class_2", "Class_2\Class_2.vcxproj", "{7AD2E294-3DE4-49F8-8436-CFB5A5A91F0B}"
EndProject
Project("{8BC9CEB8-8B4A-11D0-8D11-00A0C91BC942}") = "Class_3", "Class_3\Class_3.vcxproj", "{FF0DEA2F-9055-4F2A-B3EC-D26FA7BC4598}"
EndProject
Project("{8BC9CEB8-8B4A-11D0-8D11-00A0C91BC942}") = "Class_4", "Class_4\Class_4.vcxproj", "{F3D1DBB6-D683-4DA9-96FD-492D4683A446}"
EndProject
Project("{8BC9CEB8-8B4A-11D0-8D11-00A0C91BC942}") = "Class_5", "Class_5\Class_5.vcxproj", "{54FE3D3C-785F-43ED-944D-10F4B92CB9EC}"
EndProject
Project("{8BC9CEB8-8B4A-11D0-8D11-00A0C91BC942}") = "Class_6", "Class_6\Class_6.vcxproj", "{EB82263A-F528-4B56-9F6E-4C913F2F4085}"
EndProject
Project("{8BC9CEB8-8B4A-11D0-8D11-00A0C91BC942}") = "Class_7", "Class_7\Class_7.vcxproj", "{50E9977C-F717-4743-815B-53ED0C2AC648}"
EndProject
Project("{8BC9CEB8-8B4A-11D0-8D11-00A0C91BC942}") = "Class_8", "Class_8\Class_8.vcxproj", "{94DAF23B-6E42-46AE-B7D4-B6F58E30AB93}"
EndProject
Project("{8BC9CEB8-8B4A-11D0-8D11-00A0C91BC942}") = "Class_9", "Class_9\Class_9.vcxproj", "{BA9D2E50-A6CF-421E-BE77-2BCD30A3C92C}"
EndProject
Project("{8BC9CEB8-8B4A-11D0-8D11-00A0C91BC942}") = "Class_10", "Class_10\Class_10.vcxproj", "{78FD1D67-CECF-4708-A5AA-4B2907119DA2}"
EndProject
Project("{8BC9CEB8-8B4A-11D0-8D11-00A0C91BC942}") = "OOP_1", "OOP_1\OOP_1.vcxproj", "{4403EEBE-F926-45A8-A7C6-75EEC4A0EE85}"
EndProject
Project("{8BC9CEB8-8B4A-11D0-8D11-00A0C91BC942}") = "OOP_2", "OOP_2\OOP_2.vcxproj", "{9111FD82-2EDF-4F3C-AB7E-1680EAE2DD21}"
EndProject
Project("{8BC9CEB8-8B4A-11D0-8D11-00A0C91BC942}") = "OOP_3", "OOP_3\OOP_3.vcxproj", "{0CDEE9DB-86BC-4C3B-A472-D5968AA072DE}"
EndProject
Project("{8BC9CEB8-8B4A-11D0-8D11-00A0C91BC942}") = "OOP_4", "OOP_4\OOP_4.vcxproj", "{9DD0D890-86FB-4F1A-9DD0-B536B29D562B}"
EndProject
Project("{8BC9CEB8-8B4A-11D0-8D11-00A0C91BC942}") = "OOP_5", "OOP_5\OOP_5.vcxproj", "{80E25967-8159-4FF9-B652-BD228BCFBC74}"
EndProject
Project("{8BC9CEB8-8B4A-11D0-8D11-00A0C91BC942}") = "OOP_6", "OOP_6\OOP_6.vcxproj", "{908AB487-CD1D-46D2-8547-57F52C4AB9B0}"
EndProject
Project("{8BC9CEB8-8B4A-11D0-8D11-00A0C91BC942}") = "OOP_7", "OOP_7\OOP_7.vcxproj", "{34B93B83-8D6D-4A8C-A9BF-66AA98137473}"
EndProject
Project("{8BC9CEB8-8B4A-11D0-8D11-00A0C91BC942}") = "OOP_8", "OOP_8\OOP_8.vcxproj", "{F121F397-362D-4598-ABA4-1DC8295C8BD4}"
EndProject
Project("{8BC9CEB8-8B4A-11D0-8D11-00A0C91BC942}") = "OOP_9", "OOP_9\OOP_9.vcxproj", "{82F96432-81ED-42F5-98A5-1EF27332DCAE}"
EndProject
Project("{8BC9CEB8-8B4A-11D0-8D11-00A0C91BC942}") = "OOP_10", "OOP_10\OOP_10.vcxproj", "{92237DD7-3845-4F48-A1F2-68E3E12ECCAF}"
EndProject
Project("{8BC9CEB8-8B4A-11D0-8D11-00A0C91BC942}") = "OOP_11", "OOP_11\OOP_11.vcxproj", "{237D1AF3-524F-433A-87E1-5D6E3C0A7E03}"
EndProject
Project("{8BC9CEB8-8B4A-11D0-8D11-00A0C91BC942}") = "OOP_12", "OOP_12\OOP_12.vcxproj", "{D162CCC1-B7BB-4A48-B2A5-D976CD2547E9}"
EndProject
Project("{8BC9CEB8-8B4A-11D0-8D11-00A0C91BC942}") = "OOP_13", "OOP_13\OOP_13.vcxproj", "{F8DFCFE6-C0CE-441F-BD86-01D20F77CA3D}"
EndProject
Project("{8BC9CEB8-8B4A-11D0-8D11-00A0C91BC942}") = "OOP_14", "OOP_14\OOP_14.vcxproj", "{2AAD551B-24A0-4C0E-99FF-F28DAC4D5F8F}"
EndProject
Project("{8BC9CEB8-8B4A-11D0-8D11-00A0C91BC942}") = "OOP_15", "OOP_15\OOP_15.vcxproj", "{A7CC74AB-FEC4-43CA-8F2D-5F6374E0ACCE}"
EndProject
Project("{8BC9CEB8-8B4A-11D0-8D11-00A0C91BC942}") = "OOP_16", "OOP_16\OOP_16.vcxproj", "{EA28BC5D-7275-46D8-8FEA-E312384BCE60}"
EndProject
Global
	GlobalSection(SolutionConfigurationPlatforms) = preSolution
		Debug|x64 = Debug|x64
		Debug|x86 = Debug|x86
		Release|x64 = Release|x64
		Release|x86 = Release|x86
	EndGlobalSection
	GlobalSection(ProjectConfigurationPlatforms) = postSolution
		{5CE23396-9EB2-42AE-B645-79F4305F78AF}.Debug|x64.ActiveCfg = Debug|x64
		{5CE23396-9EB2-42AE-B645-79F4305F78AF}.Debug|x64.Build.0 = Debug|x64
		{5CE23396-9EB2-42AE-B645-79F4305F78AF}.Debug|x86.ActiveCfg = Debug|Win32
		{5CE23396-9EB2-42AE-B645-79F4305F78AF}.Debug|x86.Build.0 = Debug|Win32
		{5CE23396-9EB2-42AE-B645-79F4305F78AF}.Release|x64.ActiveCfg = Release|x64
		{5CE23396-9EB2-42AE-B645-79F4305F78AF}.Release|x64.Build.0 = Release|x64
		{5CE23396-9EB2-42AE-B645-79F4305F78AF}.Release|x86.ActiveCfg = Release|Win32
		{5CE23396-9EB2-42AE-B645-79F4305F78AF}.Release|x86.Build.0 = Release|Win32
		{EAF85076-A5D5-467C-9CC6-3989C997363B}.Debug|x64.ActiveCfg = Debug|x64
		{EAF85076-A5D5-467C-9CC6-3989C997363B}.Debug|x64.Build.0 = Debug|x64
		{EAF85076-A5D5-467C-9CC6-3989C997363B}.Debug|x86.ActiveCfg = Debug|Win32
		{EAF85076-A5D5-467C-9CC6-3989C997363B}.Debug|x86.Build.0 = Debug|Win32
		{EAF85076-A5D5-467C-9CC6-3989C997363B}.Release|x64.ActiveCfg = Release|x64
		{EAF85076-A5D5-467C-9CC6-3989C997363B}.Release|x64.Build.0 = Release|x64
		{EAF85076-A5D5-467C-9CC6-3989C997363B}.Release|x86.ActiveCfg = Release|Win32
		{EAF85076-A5D5-467C-9CC6-3989C997363B}.Release|x86.Build.0 = Release|Win32
		{7AD2E294-3DE4-49F8-8436-CFB5A5A91F0B}.Debug|x64.ActiveCfg = Debug|x64
		{7AD2E294-3DE4-49F8-8436-CFB5A5A91F0B}.Debug|x64.Build.0 = Debug|x64
		{7AD2E294-3DE4-49F8-8436-CFB5A5A91F0B}.Debug|x86.ActiveCfg = Debug|Win32
		{7AD2E294-3DE4-49F8-8436-CFB5A5A91F0B}.Debug|x86.Build.0 = Debug|Win32
		{7AD2E294-3DE4-49F8-8436-CFB5A5A91F0B}.Release|x64.ActiveCfg = Release|x64
		{7AD2E294-3DE4-49F8-8436-CFB5A5A91F0B}.Release|x64.Build.0 = Release|x64
		{7AD2E294-3DE4-49F8-8436-CFB5A5A91F0B}.Release|x86.ActiveCfg = Release|Win32
		{7AD2E294-3DE4-49F8-8436-CFB5A5A91F0B}.Release|x86.Build.0 = Release|Win32
		{FF0DEA2F-9055-4F2A-B3EC-D26FA7BC4598}.Debug|x64.ActiveCfg = Debug|x64
		{FF0DEA2F-9055-4F2A-B3EC-D26FA7BC4598}.Debug|x64.Build.0 = Debug|x64
		{FF0DEA2F-9055-4F2A-B3EC-D26FA7BC4598}.Debug|x86.ActiveCfg = Debug|Win32
		{FF0DEA2F-9055-4F2A-B3EC-D26FA7BC4598}.Debug|x86.Build.0 = Debug|Win32
		{FF0DEA2F-9055-4F2A-B3EC-D26FA7BC4598}.Release|x64.ActiveCfg = Release|x64
		{FF0DEA2F-9055-4F2A-B3EC-D26FA7BC4598}.Release|x64.Build.0 = Release|x64
		{FF0DEA2F-9055-4F2A-B3EC-D26FA7BC4598}.Release|x86.ActiveCfg = Release|Win32
		{FF0DEA2F-9055-4F2A-B3EC-D26FA7BC4598}.Release|x86.Build.0 = Release|Win32
		{F3D1DBB6-D683-4DA9-96FD-492D4683A446}.Debug|x64.ActiveCfg = Debug|x64
		{F3D1DBB6-D683-4DA9-96FD-492D4683A446}.Debug|x64.Build.0 = Debug|x64
		{F3D1DBB6-D683-4DA9-96FD-492D4683A446}.Debug|x86.ActiveCfg = Debug|Win32
		{F3D1DBB6-D683-4DA9-96FD-492D4683A446}.Debug|x86.Build.0 = Debug|Win32
		{F3D1DBB6-D683-4DA9-96FD-492D4683A446}.Release|x64.ActiveCfg = Release|x64
		{F3D1DBB6-D683-4DA9-96FD-492D4683A446}.Release|x64.Build.0 = Release|x64
		{F3D1DBB6-D683-4DA9-96FD-492D4683A446}.Release|x86.ActiveCfg = Release|Win32
		{F3D1DBB6-D683-4DA9-96FD-492D4683A446}.Release|x86.Build.0 = Release|Win32
		{54FE3D3C-785F-43ED-944D-10F4B92CB9EC}.Debug|x64.ActiveCfg = Debug|x64
		{54FE3D3C-785F-43ED-944D-10F4B92CB9EC}.Debug|x64.Build.0 = Debug|x64
		{54FE3D3C-785F-43ED-944D-10F4B92CB9EC}.Debug|x86.ActiveCfg = Debug|Win32
		{54FE3D3C-785F-43ED-944D-10F4B92CB9EC}.Debug|x86.Build.0 = Debug|Win32
		{54FE3D3C-785F-43ED-944D-10F4B92CB9EC}.Release|x64.ActiveCfg = Release|x64
		{54FE3D3C-785F-43ED-944D-10F4B92CB9EC}.Release|x64.Build.0 = Release|x64
		{54FE3D3C-785F-43ED-944D-10F4B92CB9EC}.Release|x86.ActiveCfg = Release|Win32
		{54FE3D3C-785F-43ED-944D-10F4B92CB9EC}.Release|x86.Build.0 = Release|Win32
		{EB82263A-F528-4B56-9F6E-4C913F2F4085}.Debug|x64.ActiveCfg = Debug|x64
		{EB82263A-F528-4B56-9F6E-4C913F2F4085}.Debug|x64.Build.0 = Debug|x64
		{EB82263A-F528-4B56-9F6E-4C913F2F4085}.Debug|x86.ActiveCfg = Debug|Win32
		{EB82263A-F528-4B56-9F6E-4C913F2F4085}.Debug|x86.Build.0 = Debug|Win32
		{EB82263A-F528-4B56-9F6E-4C913F2F4085}.Release|x64.ActiveCfg = Release|x64
		{EB82263A-F528-4B56-9F6E-4C913F2F4085}.Release|x64.Build.0 = Release|x64
		{EB82263A-F528-4B56-9F6E-4C913F2F4085}.Release|x86.ActiveCfg = Release|Win32
		{EB82263A-F528-4B56-9F6E-4C913F2F4085}.Release|x86.Build.0 = Release|Win32
		{50E9977C-F717-4743-815B-53ED0C2AC648}.Debug|x64.ActiveCfg = Debug|x64
		{50E9977C-F717-4743-815B-53ED0C2AC648}.Debug|x64.Build.0 = Debug|x64
		{50E9977C-F717-4743-815B-53ED0C2AC648}.Debug|x86.ActiveCfg = Debug|Win32
		{50E9977C-F717-4743-815B-53ED0C2AC648}.Debug|x86.Build.0 = Debug|Win32
		{50E9977C-F717-4743-815B-53ED0C2AC648}.Release|x64.ActiveCfg = Release|x64
		{50E9977C-F717-4743-815B-53ED0C2AC648}.Release|x64.Build.0 = Release|x64
		{50E9977C-F717-4743-815B-53ED0C2AC648}.Release|x86.ActiveCfg = Release|Win32
		{50E9977C-F717-4743-815B-53ED0C2AC648}.Release|x86.Build.0 = Release|Win32
		{94DAF23B-6E42-46AE-B7D4-B6F58E30AB93}.Debug|x64.ActiveCfg = Debug|x64
		{94DAF23B-6E42-46AE-B7D4-B6F58E30AB93}.Debug|x64.Build.0 = Debug|x64
		{94DAF23B-6E42-46AE-B7D4-B6F58E30AB93}.Debug|x86.ActiveCfg = Debug|Win32
		{94DAF23B-6E42-46AE-B7D4-B6F58E30AB93}.Debug|x86.Build.0 = Debug|Win32
		{94DAF23B-6E42-46AE-B7D4-B6F58E30AB93}.Release|x64.ActiveCfg = Release|x64
		{94DAF23B-6E42-46AE-B7D4-B6F58E30AB93}.Release|x64.Build.0 = Release|x64
		{94DAF23B-6E42-46AE-B7D4-B6F58E30AB93}.Release|x86.ActiveCfg = Release|Win32
		{94DAF23B-6E42-46AE-B7D4-B6F58E30AB93}.Release|x86.Build.0 = Release|Win32
		{BA9D2E50-A6CF-421E-BE77-2BCD30A3C92C}.Debug|x64.ActiveCfg = Debug|x64
		{BA9D2E50-A6CF-421E-BE77-2BCD30A3C92C}.Debug|x64.Build.0 = Debug|x64
		{BA9D2E50-A6CF-421E-BE77-2BCD30A3C92C}.Debug|x86.ActiveCfg = Debug|Win32
		{BA9D2E50-A6CF-421E-BE77-2BCD30A3C92C}.Debug|x86.Build.0 = Debug|Win32
		{BA9D2E50-A6CF-421E-BE77-2BCD30A3C92C}.Release|x64.ActiveCfg = Release|x64
		{BA9D2E50-A6CF-421E-BE77-2BCD30A3C92C}.Release|x64.Build.0 = Release|x64
		{BA9D2E50-A6CF-421E-BE77-2BCD30A3C92C}.Release|x86.ActiveCfg = Release|Win32
		{BA9D2E50-A6CF-421E-BE77-2BCD30A3C92C}.Release|x86.Build.0 = Release|Win32
		{78FD1D67-CECF-4708-A5AA-4B2907119DA2}.Debug|x64.ActiveCfg = Debug|x64
		{78FD1D67-CECF-4708-A5AA-4B2907119DA2}.Debug|x64.Build.0 = Debug|x64
		{78FD1D67-CECF-4708-A5AA-4B2907119DA2}.Debug|x86.ActiveCfg = Debug|Win32
		{78FD1D67-CECF-4708-A5AA-4B2907119DA2}.Debug|x86.Build.0 = Debug|Win32
		{78FD1D67-CECF-4708-A5AA-4B2907119DA2}.Release|x64.ActiveCfg = Release|x64
		{78FD1D67-CECF-4708-A5AA-4B2907119DA2}.Release|x64.Build.0 = Release|x64
		{78FD1D67-CECF-4708-A5AA-4B2907119DA2}.Release|x86.ActiveCfg = Release|Win32
		{78FD1D67-CECF-4708-A5AA-4B2907119DA2}.Release|x86.Build.0 = Release|Win32
		{4403EEBE-F926-45A8-A7C6-75EEC4A0EE85}.Debug|x64.ActiveCfg = Debug|x64
		{4403EEBE-F926-45A8-A7C6-75EEC4A0EE85}.Debug|x64.Build.0 = Debug|x64
		{4403EEBE-F926-45A8-A7C6-75EEC4A0EE85}.Debug|x86.ActiveCfg = Debug|Win32
		{4403EEBE-F926-45A8-A7C6-75EEC4A0EE85}.Debug|x86.Build.0 = Debug|Win32
		{4403EEBE-F926-45A8-A7C6-75EEC4A0EE85}.Release|x64.ActiveCfg = Release|x64
		{4403EEBE-F926-45A8-A7C6-75EEC4A0EE85}.Release|x64.Build.0 = Release|x64
		{4403EEBE-F926-45A8-A7C6-75EEC4A0EE85}.Release|x86.ActiveCfg = Release|Win32
		{4403EEBE-F926-45A8-A7C6-75EEC4A0EE85}.Release|x86.Build.0 = Release|Win32
		{9111FD82-2EDF-4F3C-AB7E-1680EAE2DD21}.Debug|x64.ActiveCfg = Debug|x64
		{9111FD82-2EDF-4F3C-AB7E-1680EAE2DD21}.Debug|x64.Build.0 = Debug|x64
		{9111FD82-2EDF-4F3C-AB7E-1680EAE2DD21}.Debug|x86.ActiveCfg = Debug|Win32
		{9111FD82-2EDF-4F3C-AB7E-1680EAE2DD21}.Debug|x86.Build.0 = Debug|Win32
		{9111FD82-2EDF-4F3C-AB7E-1680EAE2DD21}.Release|x64.ActiveCfg = Release|x64
		{9111FD82-2EDF-4F3C-AB7E-1680EAE2DD21}.Release|x64.Build.0 = Release|x64
		{9111FD82-2EDF-4F3C-AB7E-1680EAE2DD21}.Release|x86.ActiveCfg = Release|Win32
		{9111FD82-2EDF-4F3C-AB7E-1680EAE2DD21}.Release|x86.Build.0 = Release|Win32
		{0CDEE9DB-86BC-4C3B-A472-D5968AA072DE}.Debug|x64.ActiveCfg = Debug|x64
		{0CDEE9DB-86BC-4C3B-A472-D5968AA072DE}.Debug|x64.Build.0 = Debug|x64
		{0CDEE9DB-86BC-4C3B-A472-D5968AA072DE}.Debug|x86.ActiveCfg = Debug|Win32
		{0CDEE9DB-86BC-4C3B-A472-D5968AA072DE}.Debug|x86.Build.0 = Debug|Win32
		{0CDEE9DB-86BC-4C3B-A472-D5968AA072DE}.Release|x64.ActiveCfg = Release|x64
		{0CDEE9DB-86BC-4C3B-A472-D5968AA072DE}.Release|x64.Build.0 = Release|x64
		{0CDEE9DB-86BC-4C3B-A472-D5968AA072DE}.Release|x86.ActiveCfg = Release|Win32
		{0CDEE9DB-86BC-4C3B-A472-D5968AA072DE}.Release|x86.Build.0 = Release|Win32
		{9DD0D890-86FB-4F1A-9DD0-B536B29D562B}.Debug|x64.ActiveCfg = Debug|x64
		{9DD0D890-86FB-4F1A-9DD0-B536B29D562B}.Debug|x64.Build.0 = Debug|x64
		{9DD0D890-86FB-4F1A-9DD0-B536B29D562B}.Debug|x86.ActiveCfg = Debug|Win32
		{9DD0D890-86FB-4F1A-9DD0-B536B29D562B}.Debug|x86.Build.0 = Debug|Win32
		{9DD0D890-86FB-4F1A-9DD0-B536B29D562B}.Release|x64.ActiveCfg = Release|x64
		{9DD0D890-86FB-4F1A-9DD0-B536B29D562B}.Release|x64.Build.0 = Release|x64
		{9DD0D890-86FB-4F1A-9DD0-B536B29D562B}.Release|x86.ActiveCfg = Release|Win32
		{9DD0D890-86FB-4F1A-9DD0-B536B29D562B}.Release|x86.Build.0 = Release|Win32
		{80E25967-8159-4FF9-B652-BD228BCFBC74}.Debug|x64.ActiveCfg = Debug|x64
		{80E25967-8159-4FF9-B652-BD228BCFBC74}.Debug|x64.Build.0 = Debug|x64
		{80E25967-8159-4FF9-B652-BD228BCFBC74}.Debug|x86.ActiveCfg = Debug|Win32
		{80E25967-8159-4FF9-B652-BD228BCFBC74}.Debug|x86.Build.0 = Debug|Win32
		{80E25967-8159-4FF9-B652-BD228BCFBC74}.Release|x64.ActiveCfg = Release|x64
		{80E25967-8159-4FF9-B652-BD228BCFBC74}.Release|x64.Build.0 = Release|x64
		{80E25967-8159-4FF9-B652-BD228BCFBC74}.Release|x86.ActiveCfg = Release|Win32
		{80E25967-8159-4FF9-B652-BD228BCFBC74}.Release|x86.Build.0 = Release|Win32
		{908AB487-CD1D-46D2-8547-57F52C4AB9B0}.Debug|x64.ActiveCfg = Debug|x64
		{908AB487-CD1D-46D2-8547-57F52C4AB9B0}.Debug|x64.Build.0 = Debug|x64
		{908AB487-CD1D-46D2-8547-57F52C4AB9B0}.Debug|x86.ActiveCfg = Debug|Win32
		{908AB487-CD1D-46D2-8547-57F52C4AB9B0}.Debug|x86.Build.0 = Debug|Win32
		{908AB487-CD1D-46D2-8547-57F52C4AB9B0}.Release|x64.ActiveCfg = Release|x64
		{908AB487-CD1D-46D2-8547-57F52C4AB9B0}.Release|x64.Build.0 = Release|x64
		{908AB487-CD1D-46D2-8547-57F52C4AB9B0}.Release|x86.ActiveCfg = Release|Win32
		{908AB487-CD1D-46D2-8547-57F52C4AB9B0}.Release|x86.Build.0 = Release|Win32
		{34B93B83-8D6D-4A8C-A9BF-66AA98137473}.Debug|x64.ActiveCfg = Debug|x64
		{34B93B83-8D6D-4A8C-A9BF-66AA98137473}.Debug|x64.Build.0 = Debug|x64
		{34B93B83-8D6D-4A8C-A9BF-66AA98137473}.Debug|x86.ActiveCfg = Debug|Win32
		{34B93B83-8D6D-4A8C-A9BF-66AA98137473}.Debug|x86.Build.0 = Debug|Win32
		{34B93B83-8D6D-4A8C-A9BF-66AA98137473}.Release|x64.ActiveCfg = Release|x64
		{34B93B83-8D6D-4A8C-A9BF-66AA98137473}.Release|x64.Build.0 = Release|x64
		{34B93B83-8D6D-4A8C-A9BF-66AA98137473}.Release|x86.ActiveCfg = Release|Win32
		{34B93B83-8D6D-4A8C-A9BF-66AA98137473}.Release|x86.Build.0 = Release|Win32
		{F121F397-362D-4598-ABA4-1DC8295C8BD4}.Debug|x64.ActiveCfg = Debug|x64
		{F121F397-362D-4598-ABA4-1DC8295C8BD4}.Debug|x64.Build.0 = Debug|x64
		{F121F397-362D-4598-ABA4-1DC8295C8BD4}.Debug|x86.ActiveCfg = Debug|Win32
		{F121F397-362D-4598-ABA4-1DC8295C8BD4}.Debug|x86.Build.0 = Debug|Win32
		{F121F397-362D-4598-ABA4-1DC8295C8BD4}.Release|x64.ActiveCfg = Release|x64
		{F121F397-362D-4598-ABA4-1DC8295C8BD4}.Release|x64.Build.0 = Release|x64
		{F121F397-362D-4598-ABA4-1DC8295C8BD4}.Release|x86.ActiveCfg = Release|Win32
		{F121F397-362D-4598-ABA4-1DC8295C8BD4}.Release|x86.Build.0 = Release|Win32
		{82F96432-81ED-42F5-98A5-1EF27332DCAE}.Debug|x64.ActiveCfg = Debug|x64
		{82F96432-81ED-42F5-98A5-1EF27332DCAE}.Debug|x64.Build.0 = Debug|x64
		{82F96432-81ED-42F5-98A5-1EF27332DCAE}.Debug|x86.ActiveCfg = Debug|Win32
		{82F96432-81ED-42F5-98A5-1EF27332DCAE}.Debug|x86.Build.0 = Debug|Win32
		{82F96432-81ED-42F5-98A5-1EF27332DCAE}.Release|x64.ActiveCfg = Release|x64
		{82F96432-81ED-42F5-98A5-1EF27332DCAE}.Release|x64.Build.0 = Release|x64
		{82F96432-81ED-42F5-98A5-1EF27332DCAE}.Release|x86.ActiveCfg = Release|Win32
		{82F96432-81ED-42F5-98A5-1EF27332DCAE}.Release|x86.Build.0 = Release|Win32
		{92237DD7-3845-4F48-A1F2-68E3E12ECCAF}.Debug|x64.ActiveCfg = Debug|x64
		{92237DD7-3845-4F48-A1F2-68E3E12ECCAF}.Debug|x64.Build.0 = Debug|x64
		{92237DD7-3845-4F48-A1F2-68E3E12ECCAF}.Debug|x86.ActiveCfg = Debug|Win32
		{92237DD7-3845-4F48-A1F2-68E3E12ECCAF}.Debug|x86.Build.0 = Debug|Win32
		{92237DD7-3845-4F48-A1F2-68E3E12ECCAF}.Release|x64.ActiveCfg = Release|x64
		{92237DD7-3845-4F48-A1F2-68E3E12ECCAF}.Release|x64.Build.0 = Release|x64
		{92237DD7-3845-4F48-A1F2-68E3E12ECCAF}.Release|x86.ActiveCfg = Release|Win32
		{92237DD7-3845-4F48-A1F2-68E3E12ECCAF}.Release|x86.Build.0 = Release|Win32
		{237D1AF3-524F-433A-87E1-5D6E3C0A7E03}.Debug|x64.ActiveCfg = Debug|x64
		{237D1AF3-524F-433A-87E1-5D6E3C0A7E03}.Debug|x64.Build.0 = Debug|x64
		{237D1AF3-524F-433A-87E1-5D6E3C0A7E03}.Debug|x86.ActiveCfg = Debug|Win32
		{237D1AF3-524F-433A-87E1-5D6E3C0A7E03}.Debug|x86.Build.0 = Debug|Win32
		{237D1AF3-524F-433A-87E1-5D6E3C0A7E03}.Release|x64.ActiveCfg = Release|x64
		{237D1AF3-524F-433A-87E1-5D6E3C0A7E03}.Release|x64.Build.0 = Release|x64
		{237D1AF3-524F-433A-87E1-5D6E3C0A7E03}.Release|x86.ActiveCfg = Release|Win32
		{237D1AF3-524F-433A-87E1-5D6E3C0A7E03}.Release|x86.Build.0 = Release|Win32
		{D162CCC1-B7BB-4A48-B2A5-D976CD2547E9}.Debug|x64.ActiveCfg = Debug|x64
		{D162CCC1-B7BB-4A48-B2A5-D976CD2547E9}.Debug|x64.Build.0 = Debug|x64
		{D162CCC1-B7BB-4A48-B2A5-D976CD2547E9}.Debug|x86.ActiveCfg = Debug|Win32
		{D162CCC1-B7BB-4A48-B2A5-D976CD2547E9}.Debug|x86.Build.0 = Debug|Win32
		{D162CCC1-B7BB-4A48-B2A5-D976CD2547E9}.Release|x64.ActiveCfg = Release|x64
		{D162CCC1-B7BB-4A48-B2A5-D976CD2547E9}.Release|x64.Build.0 = Release|x64
		{D162CCC1-B7BB-4A48-B2A5-D976CD2547E9}.Release|x86.ActiveCfg = Release|Win32
		{D162CCC1-B7BB-4A48-B2A5-D976CD2547E9}.Release|x86.Build.0 = Release|Win32
		{F8DFCFE6-C0CE-441F-BD86-01D20F77CA3D}.Debug|x64.ActiveCfg = Debug|x64
		{F8DFCFE6-C0CE-441F-BD86-01D20F77CA3D}.Debug|x64.Build.0 = Debug|x64
		{F8DFCFE6-C0CE-441F-BD86-01D20F77CA3D}.Debug|x86.ActiveCfg = Debug|Win32
		{F8DFCFE6-C0CE-441F-BD86-01D20F77CA3D}.Debug|x86.Build.0 = Debug|Win32
		{F8DFCFE6-C0CE-441F-BD86-01D20F77CA3D}.Release|x64.ActiveCfg = Release|x64
		{F8DFCFE6-C0CE-441F-BD86-01D20F77CA3D}.Release|x64.Build.0 = Release|x64
		{F8DFCFE6-C0CE-441F-BD86-01D20F77CA3D}.Release|x86.ActiveCfg = Release|Win32
		{F8DFCFE6-C0CE-441F-BD86-01D20F77CA3D}.Release|x86.Build.0 = Release|Win32
		{2AAD551B-24A0-4C0E-99FF-F28DAC4D5F8F}.Debug|x64.ActiveCfg = Debug|x64
		{2AAD551B-24A0-4C0E-99FF-F28DAC4D5F8F}.Debug|x64.Build.0 = Debug|x64
		{2AAD551B-24A0-4C0E-99FF-F28DAC4D5F8F}.Debug|x86.ActiveCfg = Debug|Win32
		{2AAD551B-24A0-4C0E-99FF-F28DAC4D5F8F}.Debug|x86.Build.0 = Debug|Win32
		{2AAD551B-24A0-4C0E-99FF-F28DAC4D5F8F}.Release|x64.ActiveCfg = Release|x64
		{2AAD551B-24A0-4C0E-99FF-F28DAC4D5F8F}.Release|x64.Build.0 = Release|x64
		{2AAD551B-24A0-4C0E-99FF-F28DAC4D5F8F}.Release|x86.ActiveCfg = Release|Win32
		{2AAD551B-24A0-4C0E-99FF-F28DAC4D5F8F}.Release|x86.Build.0 = Release|Win32
		{A7CC74AB-FEC4-43CA-8F2D-5F6374E0ACCE}.Debug|x64.ActiveCfg = Debug|x64
		{A7CC74AB-FEC4-43CA-8F2D-5F6374E0ACCE}.Debug|x64.Build.0 = Debug|x64
		{A7CC74AB-FEC4-43CA-8F2D-5F6374E0ACCE}.Debug|x86.ActiveCfg = Debug|Win32
		{A7CC74AB-FEC4-43CA-8F2D-5F6374E0ACCE}.Debug|x86.Build.0 = Debug|Win32
		{A7CC74AB-FEC4-43CA-8F2D-5F6374E0ACCE}.Release|x64.ActiveCfg = Release|x64
		{A7CC74AB-FEC4-43CA-8F2D-5F6374E0ACCE}.Release|x64.Build.0 = Release|x64
		{A7CC74AB-FEC4-43CA-8F2D-5F6374E0ACCE}.Release|x86.ActiveCfg = Release|Win32
		{A7CC74AB-FEC4-43CA-8F2D-5F6374E0ACCE}.Release|x86.Build.0 = Release|Win32
		{EA28BC5D-7275-46D8-8FEA-E312384BCE60}.Debug|x64.ActiveCfg = Debug|x64
		{EA28BC5D-7275-46D8-8FEA-E312384BCE60}.Debug|x64.Build.0 = Debug|x64
		{EA28BC5D-7275-46D8-8FEA-E312384BCE60}.Debug|x86.ActiveCfg = Debug|Win32
		{EA28BC5D-7275-46D8-8FEA-E312384BCE60}.Debug|x86.Build.0 = Debug|Win32
		{EA28BC5D-7275-46D8-8FEA-E312384BCE60}.Release|x64.ActiveCfg = Release|x64
		{EA28BC5D-7275-46D8-8FEA-E312384BCE60}.Release|x64.Build.0 = Release|x64
		{EA28BC5D-7275-46D8-8FEA-E312384BCE60}.Release|x86.ActiveCfg = Release|Win32
		{EA28BC5D-7275-46D8-8FEA-E312384BCE60}.Release|x86.Build.0 = Release|Win32
	EndGlobalSection
	GlobalSection(SolutionProperties) = preSolution
		HideSolutionNode = FALSE
	EndGlobalSection
	GlobalSection(ExtensibilityGlobals) = postSolution
		SolutionGuid = {0A6F650A-BD48-4C07-87F9-1A286D3EE6FD}
	EndGlobalSection
EndGlobal
