
Microsoft Visual Studio Solution File, Format Version 12.00
# Visual Studio Version 16
VisualStudioVersion = 16.0.31321.278
MinimumVisualStudioVersion = 10.0.40219.1
Project("{8BC9CEB8-8B4A-11D0-8D11-00A0C91BC942}") = "Stack", "Stack\Stack.vcxproj", "{DB330F01-37E0-48E5-B7C9-36711D8E8490}"
EndProject
Project("{8BC9CEB8-8B4A-11D0-8D11-00A0C91BC942}") = "Stack_2", "Stack_2\Stack_2.vcxproj", "{2B89F1B6-EE66-4512-AAA8-12170EF96933}"
EndProject
Project("{8BC9CEB8-8B4A-11D0-8D11-00A0C91BC942}") = "Stack_3", "Stack_3\Stack_3.vcxproj", "{B9D15420-5BC0-4D92-8131-B09957C13664}"
EndProject
Project("{8BC9CEB8-8B4A-11D0-8D11-00A0C91BC942}") = "Stack_4", "Stack_4\Stack_4.vcxproj", "{FD74E92E-ABD2-478D-9F7D-B1FA7DEA7C86}"
EndProject
Project("{8BC9CEB8-8B4A-11D0-8D11-00A0C91BC942}") = "Queue_1", "Queue_1\Queue_1.vcxproj", "{B1F4DBF5-5DB8-4947-B145-CBAF3A91C01E}"
EndProject
Project("{8BC9CEB8-8B4A-11D0-8D11-00A0C91BC942}") = "Queue_2", "Queue_2\Queue_2.vcxproj", "{DC1D4EA1-B6E5-4764-A299-850F345CA72F}"
EndProject
Project("{8BC9CEB8-8B4A-11D0-8D11-00A0C91BC942}") = "Queue_3", "Queue_3\Queue_3.vcxproj", "{4CF20228-DA0E-485E-81D5-09C2BB8C2637}"
EndProject
Project("{8BC9CEB8-8B4A-11D0-8D11-00A0C91BC942}") = "Stack_5", "Stack_5\Stack_5.vcxproj", "{4F94B652-C28A-4A16-A270-63D265A6B5FF}"
EndProject
Project("{8BC9CEB8-8B4A-11D0-8D11-00A0C91BC942}") = "Queue_4", "Queue_4\Queue_4.vcxproj", "{F9F7AA54-9A24-4B0B-AED9-47C2D3E75361}"
EndProject
Project("{8BC9CEB8-8B4A-11D0-8D11-00A0C91BC942}") = "Queue_5", "Queue_5\Queue_5.vcxproj", "{375C87D5-FE81-4479-AE8F-6E6ACD38BE73}"
EndProject
Global
	GlobalSection(SolutionConfigurationPlatforms) = preSolution
		Debug|x64 = Debug|x64
		Debug|x86 = Debug|x86
		Release|x64 = Release|x64
		Release|x86 = Release|x86
	EndGlobalSection
	GlobalSection(ProjectConfigurationPlatforms) = postSolution
		{DB330F01-37E0-48E5-B7C9-36711D8E8490}.Debug|x64.ActiveCfg = Debug|x64
		{DB330F01-37E0-48E5-B7C9-36711D8E8490}.Debug|x64.Build.0 = Debug|x64
		{DB330F01-37E0-48E5-B7C9-36711D8E8490}.Debug|x86.ActiveCfg = Debug|Win32
		{DB330F01-37E0-48E5-B7C9-36711D8E8490}.Debug|x86.Build.0 = Debug|Win32
		{DB330F01-37E0-48E5-B7C9-36711D8E8490}.Release|x64.ActiveCfg = Release|x64
		{DB330F01-37E0-48E5-B7C9-36711D8E8490}.Release|x64.Build.0 = Release|x64
		{DB330F01-37E0-48E5-B7C9-36711D8E8490}.Release|x86.ActiveCfg = Release|Win32
		{DB330F01-37E0-48E5-B7C9-36711D8E8490}.Release|x86.Build.0 = Release|Win32
		{2B89F1B6-EE66-4512-AAA8-12170EF96933}.Debug|x64.ActiveCfg = Debug|x64
		{2B89F1B6-EE66-4512-AAA8-12170EF96933}.Debug|x64.Build.0 = Debug|x64
		{2B89F1B6-EE66-4512-AAA8-12170EF96933}.Debug|x86.ActiveCfg = Debug|Win32
		{2B89F1B6-EE66-4512-AAA8-12170EF96933}.Debug|x86.Build.0 = Debug|Win32
		{2B89F1B6-EE66-4512-AAA8-12170EF96933}.Release|x64.ActiveCfg = Release|x64
		{2B89F1B6-EE66-4512-AAA8-12170EF96933}.Release|x64.Build.0 = Release|x64
		{2B89F1B6-EE66-4512-AAA8-12170EF96933}.Release|x86.ActiveCfg = Release|Win32
		{2B89F1B6-EE66-4512-AAA8-12170EF96933}.Release|x86.Build.0 = Release|Win32
		{B9D15420-5BC0-4D92-8131-B09957C13664}.Debug|x64.ActiveCfg = Debug|x64
		{B9D15420-5BC0-4D92-8131-B09957C13664}.Debug|x64.Build.0 = Debug|x64
		{B9D15420-5BC0-4D92-8131-B09957C13664}.Debug|x86.ActiveCfg = Debug|Win32
		{B9D15420-5BC0-4D92-8131-B09957C13664}.Debug|x86.Build.0 = Debug|Win32
		{B9D15420-5BC0-4D92-8131-B09957C13664}.Release|x64.ActiveCfg = Release|x64
		{B9D15420-5BC0-4D92-8131-B09957C13664}.Release|x64.Build.0 = Release|x64
		{B9D15420-5BC0-4D92-8131-B09957C13664}.Release|x86.ActiveCfg = Release|Win32
		{B9D15420-5BC0-4D92-8131-B09957C13664}.Release|x86.Build.0 = Release|Win32
		{FD74E92E-ABD2-478D-9F7D-B1FA7DEA7C86}.Debug|x64.ActiveCfg = Debug|x64
		{FD74E92E-ABD2-478D-9F7D-B1FA7DEA7C86}.Debug|x64.Build.0 = Debug|x64
		{FD74E92E-ABD2-478D-9F7D-B1FA7DEA7C86}.Debug|x86.ActiveCfg = Debug|Win32
		{FD74E92E-ABD2-478D-9F7D-B1FA7DEA7C86}.Debug|x86.Build.0 = Debug|Win32
		{FD74E92E-ABD2-478D-9F7D-B1FA7DEA7C86}.Release|x64.ActiveCfg = Release|x64
		{FD74E92E-ABD2-478D-9F7D-B1FA7DEA7C86}.Release|x64.Build.0 = Release|x64
		{FD74E92E-ABD2-478D-9F7D-B1FA7DEA7C86}.Release|x86.ActiveCfg = Release|Win32
		{FD74E92E-ABD2-478D-9F7D-B1FA7DEA7C86}.Release|x86.Build.0 = Release|Win32
		{B1F4DBF5-5DB8-4947-B145-CBAF3A91C01E}.Debug|x64.ActiveCfg = Debug|x64
		{B1F4DBF5-5DB8-4947-B145-CBAF3A91C01E}.Debug|x64.Build.0 = Debug|x64
		{B1F4DBF5-5DB8-4947-B145-CBAF3A91C01E}.Debug|x86.ActiveCfg = Debug|Win32
		{B1F4DBF5-5DB8-4947-B145-CBAF3A91C01E}.Debug|x86.Build.0 = Debug|Win32
		{B1F4DBF5-5DB8-4947-B145-CBAF3A91C01E}.Release|x64.ActiveCfg = Release|x64
		{B1F4DBF5-5DB8-4947-B145-CBAF3A91C01E}.Release|x64.Build.0 = Release|x64
		{B1F4DBF5-5DB8-4947-B145-CBAF3A91C01E}.Release|x86.ActiveCfg = Release|Win32
		{B1F4DBF5-5DB8-4947-B145-CBAF3A91C01E}.Release|x86.Build.0 = Release|Win32
		{DC1D4EA1-B6E5-4764-A299-850F345CA72F}.Debug|x64.ActiveCfg = Debug|x64
		{DC1D4EA1-B6E5-4764-A299-850F345CA72F}.Debug|x64.Build.0 = Debug|x64
		{DC1D4EA1-B6E5-4764-A299-850F345CA72F}.Debug|x86.ActiveCfg = Debug|Win32
		{DC1D4EA1-B6E5-4764-A299-850F345CA72F}.Debug|x86.Build.0 = Debug|Win32
		{DC1D4EA1-B6E5-4764-A299-850F345CA72F}.Release|x64.ActiveCfg = Release|x64
		{DC1D4EA1-B6E5-4764-A299-850F345CA72F}.Release|x64.Build.0 = Release|x64
		{DC1D4EA1-B6E5-4764-A299-850F345CA72F}.Release|x86.ActiveCfg = Release|Win32
		{DC1D4EA1-B6E5-4764-A299-850F345CA72F}.Release|x86.Build.0 = Release|Win32
		{4CF20228-DA0E-485E-81D5-09C2BB8C2637}.Debug|x64.ActiveCfg = Debug|x64
		{4CF20228-DA0E-485E-81D5-09C2BB8C2637}.Debug|x64.Build.0 = Debug|x64
		{4CF20228-DA0E-485E-81D5-09C2BB8C2637}.Debug|x86.ActiveCfg = Debug|Win32
		{4CF20228-DA0E-485E-81D5-09C2BB8C2637}.Debug|x86.Build.0 = Debug|Win32
		{4CF20228-DA0E-485E-81D5-09C2BB8C2637}.Release|x64.ActiveCfg = Release|x64
		{4CF20228-DA0E-485E-81D5-09C2BB8C2637}.Release|x64.Build.0 = Release|x64
		{4CF20228-DA0E-485E-81D5-09C2BB8C2637}.Release|x86.ActiveCfg = Release|Win32
		{4CF20228-DA0E-485E-81D5-09C2BB8C2637}.Release|x86.Build.0 = Release|Win32
		{4F94B652-C28A-4A16-A270-63D265A6B5FF}.Debug|x64.ActiveCfg = Debug|x64
		{4F94B652-C28A-4A16-A270-63D265A6B5FF}.Debug|x64.Build.0 = Debug|x64
		{4F94B652-C28A-4A16-A270-63D265A6B5FF}.Debug|x86.ActiveCfg = Debug|Win32
		{4F94B652-C28A-4A16-A270-63D265A6B5FF}.Debug|x86.Build.0 = Debug|Win32
		{4F94B652-C28A-4A16-A270-63D265A6B5FF}.Release|x64.ActiveCfg = Release|x64
		{4F94B652-C28A-4A16-A270-63D265A6B5FF}.Release|x64.Build.0 = Release|x64
		{4F94B652-C28A-4A16-A270-63D265A6B5FF}.Release|x86.ActiveCfg = Release|Win32
		{4F94B652-C28A-4A16-A270-63D265A6B5FF}.Release|x86.Build.0 = Release|Win32
		{F9F7AA54-9A24-4B0B-AED9-47C2D3E75361}.Debug|x64.ActiveCfg = Debug|x64
		{F9F7AA54-9A24-4B0B-AED9-47C2D3E75361}.Debug|x64.Build.0 = Debug|x64
		{F9F7AA54-9A24-4B0B-AED9-47C2D3E75361}.Debug|x86.ActiveCfg = Debug|Win32
		{F9F7AA54-9A24-4B0B-AED9-47C2D3E75361}.Debug|x86.Build.0 = Debug|Win32
		{F9F7AA54-9A24-4B0B-AED9-47C2D3E75361}.Release|x64.ActiveCfg = Release|x64
		{F9F7AA54-9A24-4B0B-AED9-47C2D3E75361}.Release|x64.Build.0 = Release|x64
		{F9F7AA54-9A24-4B0B-AED9-47C2D3E75361}.Release|x86.ActiveCfg = Release|Win32
		{F9F7AA54-9A24-4B0B-AED9-47C2D3E75361}.Release|x86.Build.0 = Release|Win32
		{375C87D5-FE81-4479-AE8F-6E6ACD38BE73}.Debug|x64.ActiveCfg = Debug|x64
		{375C87D5-FE81-4479-AE8F-6E6ACD38BE73}.Debug|x64.Build.0 = Debug|x64
		{375C87D5-FE81-4479-AE8F-6E6ACD38BE73}.Debug|x86.ActiveCfg = Debug|Win32
		{375C87D5-FE81-4479-AE8F-6E6ACD38BE73}.Debug|x86.Build.0 = Debug|Win32
		{375C87D5-FE81-4479-AE8F-6E6ACD38BE73}.Release|x64.ActiveCfg = Release|x64
		{375C87D5-FE81-4479-AE8F-6E6ACD38BE73}.Release|x64.Build.0 = Release|x64
		{375C87D5-FE81-4479-AE8F-6E6ACD38BE73}.Release|x86.ActiveCfg = Release|Win32
		{375C87D5-FE81-4479-AE8F-6E6ACD38BE73}.Release|x86.Build.0 = Release|Win32
	EndGlobalSection
	GlobalSection(SolutionProperties) = preSolution
		HideSolutionNode = FALSE
	EndGlobalSection
	GlobalSection(ExtensibilityGlobals) = postSolution
		SolutionGuid = {971C08C6-B244-452F-9D8F-72B5EA574F11}
	EndGlobalSection
EndGlobal
