
Microsoft Visual Studio Solution File, Format Version 12.00
# Visual Studio Version 16
VisualStudioVersion = 16.0.31321.278
MinimumVisualStudioVersion = 10.0.40219.1
Project("{8BC9CEB8-8B4A-11D0-8D11-00A0C91BC942}") = "Project1", "Project1\Project1.vcxproj", "{DE621832-1FA8-4799-A9AE-CF209546F2E2}"
EndProject
Project("{8BC9CEB8-8B4A-11D0-8D11-00A0C91BC942}") = "Project2", "Project2\Project2.vcxproj", "{E84C6C06-9D83-450A-AF45-B00D0A546F87}"
EndProject
Project("{8BC9CEB8-8B4A-11D0-8D11-00A0C91BC942}") = "Ostream", "Ostream\Ostream.vcxproj", "{CA6232C7-A28F-4497-90B9-9465353450F9}"
EndProject
Project("{8BC9CEB8-8B4A-11D0-8D11-00A0C91BC942}") = "Istream", "Istream\Istream.vcxproj", "{079B4D1A-8E40-4143-96BE-ECDC640B23CD}"
EndProject
Project("{8BC9CEB8-8B4A-11D0-8D11-00A0C91BC942}") = "Istream_2", "Istream_2\Istream_2.vcxproj", "{F4C5417F-8223-4513-B1A8-149A4720176C}"
EndProject
Project("{8BC9CEB8-8B4A-11D0-8D11-00A0C91BC942}") = "Istream_3", "Istream_3\Istream_3.vcxproj", "{E4E7E026-8D7A-4A1E-998A-AC9D168E4D4E}"
EndProject
Project("{8BC9CEB8-8B4A-11D0-8D11-00A0C91BC942}") = "Istream_4", "Istream_4\Istream_4.vcxproj", "{C90A2517-91B9-4F22-B260-BF1C4C2B83A8}"
EndProject
Project("{8BC9CEB8-8B4A-11D0-8D11-00A0C91BC942}") = "Istream_5", "Istream_5\Istream_5.vcxproj", "{29C138B4-623D-4B07-8535-67C49BB81DD8}"
EndProject
Project("{8BC9CEB8-8B4A-11D0-8D11-00A0C91BC942}") = "Fomat_1", "Fomat_1\Fomat_1.vcxproj", "{FD5AD22C-9E7F-4296-B9EE-69478D6E64FC}"
EndProject
Project("{8BC9CEB8-8B4A-11D0-8D11-00A0C91BC942}") = "Fomat_2", "Fomat_2\Fomat_2.vcxproj", "{E71B81DD-A1F1-4A5F-99DC-4C7B41D35A7E}"
EndProject
Project("{8BC9CEB8-8B4A-11D0-8D11-00A0C91BC942}") = "Fomat_3", "Fomat_3\Fomat_3.vcxproj", "{5413F955-79B6-4D5C-BE50-5C9FCA71D1A0}"
EndProject
Project("{8BC9CEB8-8B4A-11D0-8D11-00A0C91BC942}") = "Fomat_4", "Fomat_4\Fomat_4.vcxproj", "{195F9885-DE42-42AC-9903-A3FC7E4AE823}"
EndProject
Project("{8BC9CEB8-8B4A-11D0-8D11-00A0C91BC942}") = "File_1", "File_1\File_1.vcxproj", "{9D6BFE2D-AD63-404F-8B4B-97E59145923F}"
EndProject
Project("{8BC9CEB8-8B4A-11D0-8D11-00A0C91BC942}") = "File_2", "File_2\File_2.vcxproj", "{0CE2815E-CCEE-4B63-BE89-7D8711928A55}"
EndProject
Project("{8BC9CEB8-8B4A-11D0-8D11-00A0C91BC942}") = "File_3", "File_3\File_3.vcxproj", "{87D3B374-2A36-4FC9-947F-765FBDC9AEC1}"
EndProject
Project("{8BC9CEB8-8B4A-11D0-8D11-00A0C91BC942}") = "File_4", "File_4\File_4.vcxproj", "{C72A5E97-4665-46A3-B060-7AF588CF99A7}"
EndProject
Project("{8BC9CEB8-8B4A-11D0-8D11-00A0C91BC942}") = "File_5", "File_5\File_5.vcxproj", "{14668DF8-4869-45B5-AC0A-F3D635C6E464}"
EndProject
Project("{8BC9CEB8-8B4A-11D0-8D11-00A0C91BC942}") = "File_6", "File_6\File_6.vcxproj", "{3B5C1F00-0983-4B5B-9140-0D68160675BD}"
EndProject
Project("{8BC9CEB8-8B4A-11D0-8D11-00A0C91BC942}") = "File_7", "File_7\File_7.vcxproj", "{26E05549-9310-4D4B-93A3-23B853CD6BF4}"
EndProject
Project("{8BC9CEB8-8B4A-11D0-8D11-00A0C91BC942}") = "Questions", "Questions\Questions.vcxproj", "{2A5F7410-4D29-4250-B88D-FA320BF17170}"
EndProject
Global
	GlobalSection(SolutionConfigurationPlatforms) = preSolution
		Debug|x64 = Debug|x64
		Debug|x86 = Debug|x86
		Release|x64 = Release|x64
		Release|x86 = Release|x86
	EndGlobalSection
	GlobalSection(ProjectConfigurationPlatforms) = postSolution
		{DE621832-1FA8-4799-A9AE-CF209546F2E2}.Debug|x64.ActiveCfg = Debug|x64
		{DE621832-1FA8-4799-A9AE-CF209546F2E2}.Debug|x64.Build.0 = Debug|x64
		{DE621832-1FA8-4799-A9AE-CF209546F2E2}.Debug|x86.ActiveCfg = Debug|Win32
		{DE621832-1FA8-4799-A9AE-CF209546F2E2}.Debug|x86.Build.0 = Debug|Win32
		{DE621832-1FA8-4799-A9AE-CF209546F2E2}.Release|x64.ActiveCfg = Release|x64
		{DE621832-1FA8-4799-A9AE-CF209546F2E2}.Release|x64.Build.0 = Release|x64
		{DE621832-1FA8-4799-A9AE-CF209546F2E2}.Release|x86.ActiveCfg = Release|Win32
		{DE621832-1FA8-4799-A9AE-CF209546F2E2}.Release|x86.Build.0 = Release|Win32
		{E84C6C06-9D83-450A-AF45-B00D0A546F87}.Debug|x64.ActiveCfg = Debug|x64
		{E84C6C06-9D83-450A-AF45-B00D0A546F87}.Debug|x64.Build.0 = Debug|x64
		{E84C6C06-9D83-450A-AF45-B00D0A546F87}.Debug|x86.ActiveCfg = Debug|Win32
		{E84C6C06-9D83-450A-AF45-B00D0A546F87}.Debug|x86.Build.0 = Debug|Win32
		{E84C6C06-9D83-450A-AF45-B00D0A546F87}.Release|x64.ActiveCfg = Release|x64
		{E84C6C06-9D83-450A-AF45-B00D0A546F87}.Release|x64.Build.0 = Release|x64
		{E84C6C06-9D83-450A-AF45-B00D0A546F87}.Release|x86.ActiveCfg = Release|Win32
		{E84C6C06-9D83-450A-AF45-B00D0A546F87}.Release|x86.Build.0 = Release|Win32
		{CA6232C7-A28F-4497-90B9-9465353450F9}.Debug|x64.ActiveCfg = Debug|x64
		{CA6232C7-A28F-4497-90B9-9465353450F9}.Debug|x64.Build.0 = Debug|x64
		{CA6232C7-A28F-4497-90B9-9465353450F9}.Debug|x86.ActiveCfg = Debug|Win32
		{CA6232C7-A28F-4497-90B9-9465353450F9}.Debug|x86.Build.0 = Debug|Win32
		{CA6232C7-A28F-4497-90B9-9465353450F9}.Release|x64.ActiveCfg = Release|x64
		{CA6232C7-A28F-4497-90B9-9465353450F9}.Release|x64.Build.0 = Release|x64
		{CA6232C7-A28F-4497-90B9-9465353450F9}.Release|x86.ActiveCfg = Release|Win32
		{CA6232C7-A28F-4497-90B9-9465353450F9}.Release|x86.Build.0 = Release|Win32
		{079B4D1A-8E40-4143-96BE-ECDC640B23CD}.Debug|x64.ActiveCfg = Debug|x64
		{079B4D1A-8E40-4143-96BE-ECDC640B23CD}.Debug|x64.Build.0 = Debug|x64
		{079B4D1A-8E40-4143-96BE-ECDC640B23CD}.Debug|x86.ActiveCfg = Debug|Win32
		{079B4D1A-8E40-4143-96BE-ECDC640B23CD}.Debug|x86.Build.0 = Debug|Win32
		{079B4D1A-8E40-4143-96BE-ECDC640B23CD}.Release|x64.ActiveCfg = Release|x64
		{079B4D1A-8E40-4143-96BE-ECDC640B23CD}.Release|x64.Build.0 = Release|x64
		{079B4D1A-8E40-4143-96BE-ECDC640B23CD}.Release|x86.ActiveCfg = Release|Win32
		{079B4D1A-8E40-4143-96BE-ECDC640B23CD}.Release|x86.Build.0 = Release|Win32
		{F4C5417F-8223-4513-B1A8-149A4720176C}.Debug|x64.ActiveCfg = Debug|x64
		{F4C5417F-8223-4513-B1A8-149A4720176C}.Debug|x64.Build.0 = Debug|x64
		{F4C5417F-8223-4513-B1A8-149A4720176C}.Debug|x86.ActiveCfg = Debug|Win32
		{F4C5417F-8223-4513-B1A8-149A4720176C}.Debug|x86.Build.0 = Debug|Win32
		{F4C5417F-8223-4513-B1A8-149A4720176C}.Release|x64.ActiveCfg = Release|x64
		{F4C5417F-8223-4513-B1A8-149A4720176C}.Release|x64.Build.0 = Release|x64
		{F4C5417F-8223-4513-B1A8-149A4720176C}.Release|x86.ActiveCfg = Release|Win32
		{F4C5417F-8223-4513-B1A8-149A4720176C}.Release|x86.Build.0 = Release|Win32
		{E4E7E026-8D7A-4A1E-998A-AC9D168E4D4E}.Debug|x64.ActiveCfg = Debug|x64
		{E4E7E026-8D7A-4A1E-998A-AC9D168E4D4E}.Debug|x64.Build.0 = Debug|x64
		{E4E7E026-8D7A-4A1E-998A-AC9D168E4D4E}.Debug|x86.ActiveCfg = Debug|Win32
		{E4E7E026-8D7A-4A1E-998A-AC9D168E4D4E}.Debug|x86.Build.0 = Debug|Win32
		{E4E7E026-8D7A-4A1E-998A-AC9D168E4D4E}.Release|x64.ActiveCfg = Release|x64
		{E4E7E026-8D7A-4A1E-998A-AC9D168E4D4E}.Release|x64.Build.0 = Release|x64
		{E4E7E026-8D7A-4A1E-998A-AC9D168E4D4E}.Release|x86.ActiveCfg = Release|Win32
		{E4E7E026-8D7A-4A1E-998A-AC9D168E4D4E}.Release|x86.Build.0 = Release|Win32
		{C90A2517-91B9-4F22-B260-BF1C4C2B83A8}.Debug|x64.ActiveCfg = Debug|x64
		{C90A2517-91B9-4F22-B260-BF1C4C2B83A8}.Debug|x64.Build.0 = Debug|x64
		{C90A2517-91B9-4F22-B260-BF1C4C2B83A8}.Debug|x86.ActiveCfg = Debug|Win32
		{C90A2517-91B9-4F22-B260-BF1C4C2B83A8}.Debug|x86.Build.0 = Debug|Win32
		{C90A2517-91B9-4F22-B260-BF1C4C2B83A8}.Release|x64.ActiveCfg = Release|x64
		{C90A2517-91B9-4F22-B260-BF1C4C2B83A8}.Release|x64.Build.0 = Release|x64
		{C90A2517-91B9-4F22-B260-BF1C4C2B83A8}.Release|x86.ActiveCfg = Release|Win32
		{C90A2517-91B9-4F22-B260-BF1C4C2B83A8}.Release|x86.Build.0 = Release|Win32
		{29C138B4-623D-4B07-8535-67C49BB81DD8}.Debug|x64.ActiveCfg = Debug|x64
		{29C138B4-623D-4B07-8535-67C49BB81DD8}.Debug|x64.Build.0 = Debug|x64
		{29C138B4-623D-4B07-8535-67C49BB81DD8}.Debug|x86.ActiveCfg = Debug|Win32
		{29C138B4-623D-4B07-8535-67C49BB81DD8}.Debug|x86.Build.0 = Debug|Win32
		{29C138B4-623D-4B07-8535-67C49BB81DD8}.Release|x64.ActiveCfg = Release|x64
		{29C138B4-623D-4B07-8535-67C49BB81DD8}.Release|x64.Build.0 = Release|x64
		{29C138B4-623D-4B07-8535-67C49BB81DD8}.Release|x86.ActiveCfg = Release|Win32
		{29C138B4-623D-4B07-8535-67C49BB81DD8}.Release|x86.Build.0 = Release|Win32
		{FD5AD22C-9E7F-4296-B9EE-69478D6E64FC}.Debug|x64.ActiveCfg = Debug|x64
		{FD5AD22C-9E7F-4296-B9EE-69478D6E64FC}.Debug|x64.Build.0 = Debug|x64
		{FD5AD22C-9E7F-4296-B9EE-69478D6E64FC}.Debug|x86.ActiveCfg = Debug|Win32
		{FD5AD22C-9E7F-4296-B9EE-69478D6E64FC}.Debug|x86.Build.0 = Debug|Win32
		{FD5AD22C-9E7F-4296-B9EE-69478D6E64FC}.Release|x64.ActiveCfg = Release|x64
		{FD5AD22C-9E7F-4296-B9EE-69478D6E64FC}.Release|x64.Build.0 = Release|x64
		{FD5AD22C-9E7F-4296-B9EE-69478D6E64FC}.Release|x86.ActiveCfg = Release|Win32
		{FD5AD22C-9E7F-4296-B9EE-69478D6E64FC}.Release|x86.Build.0 = Release|Win32
		{E71B81DD-A1F1-4A5F-99DC-4C7B41D35A7E}.Debug|x64.ActiveCfg = Debug|x64
		{E71B81DD-A1F1-4A5F-99DC-4C7B41D35A7E}.Debug|x64.Build.0 = Debug|x64
		{E71B81DD-A1F1-4A5F-99DC-4C7B41D35A7E}.Debug|x86.ActiveCfg = Debug|Win32
		{E71B81DD-A1F1-4A5F-99DC-4C7B41D35A7E}.Debug|x86.Build.0 = Debug|Win32
		{E71B81DD-A1F1-4A5F-99DC-4C7B41D35A7E}.Release|x64.ActiveCfg = Release|x64
		{E71B81DD-A1F1-4A5F-99DC-4C7B41D35A7E}.Release|x64.Build.0 = Release|x64
		{E71B81DD-A1F1-4A5F-99DC-4C7B41D35A7E}.Release|x86.ActiveCfg = Release|Win32
		{E71B81DD-A1F1-4A5F-99DC-4C7B41D35A7E}.Release|x86.Build.0 = Release|Win32
		{5413F955-79B6-4D5C-BE50-5C9FCA71D1A0}.Debug|x64.ActiveCfg = Debug|x64
		{5413F955-79B6-4D5C-BE50-5C9FCA71D1A0}.Debug|x64.Build.0 = Debug|x64
		{5413F955-79B6-4D5C-BE50-5C9FCA71D1A0}.Debug|x86.ActiveCfg = Debug|Win32
		{5413F955-79B6-4D5C-BE50-5C9FCA71D1A0}.Debug|x86.Build.0 = Debug|Win32
		{5413F955-79B6-4D5C-BE50-5C9FCA71D1A0}.Release|x64.ActiveCfg = Release|x64
		{5413F955-79B6-4D5C-BE50-5C9FCA71D1A0}.Release|x64.Build.0 = Release|x64
		{5413F955-79B6-4D5C-BE50-5C9FCA71D1A0}.Release|x86.ActiveCfg = Release|Win32
		{5413F955-79B6-4D5C-BE50-5C9FCA71D1A0}.Release|x86.Build.0 = Release|Win32
		{195F9885-DE42-42AC-9903-A3FC7E4AE823}.Debug|x64.ActiveCfg = Debug|x64
		{195F9885-DE42-42AC-9903-A3FC7E4AE823}.Debug|x64.Build.0 = Debug|x64
		{195F9885-DE42-42AC-9903-A3FC7E4AE823}.Debug|x86.ActiveCfg = Debug|Win32
		{195F9885-DE42-42AC-9903-A3FC7E4AE823}.Debug|x86.Build.0 = Debug|Win32
		{195F9885-DE42-42AC-9903-A3FC7E4AE823}.Release|x64.ActiveCfg = Release|x64
		{195F9885-DE42-42AC-9903-A3FC7E4AE823}.Release|x64.Build.0 = Release|x64
		{195F9885-DE42-42AC-9903-A3FC7E4AE823}.Release|x86.ActiveCfg = Release|Win32
		{195F9885-DE42-42AC-9903-A3FC7E4AE823}.Release|x86.Build.0 = Release|Win32
		{9D6BFE2D-AD63-404F-8B4B-97E59145923F}.Debug|x64.ActiveCfg = Debug|x64
		{9D6BFE2D-AD63-404F-8B4B-97E59145923F}.Debug|x64.Build.0 = Debug|x64
		{9D6BFE2D-AD63-404F-8B4B-97E59145923F}.Debug|x86.ActiveCfg = Debug|Win32
		{9D6BFE2D-AD63-404F-8B4B-97E59145923F}.Debug|x86.Build.0 = Debug|Win32
		{9D6BFE2D-AD63-404F-8B4B-97E59145923F}.Release|x64.ActiveCfg = Release|x64
		{9D6BFE2D-AD63-404F-8B4B-97E59145923F}.Release|x64.Build.0 = Release|x64
		{9D6BFE2D-AD63-404F-8B4B-97E59145923F}.Release|x86.ActiveCfg = Release|Win32
		{9D6BFE2D-AD63-404F-8B4B-97E59145923F}.Release|x86.Build.0 = Release|Win32
		{0CE2815E-CCEE-4B63-BE89-7D8711928A55}.Debug|x64.ActiveCfg = Debug|x64
		{0CE2815E-CCEE-4B63-BE89-7D8711928A55}.Debug|x64.Build.0 = Debug|x64
		{0CE2815E-CCEE-4B63-BE89-7D8711928A55}.Debug|x86.ActiveCfg = Debug|Win32
		{0CE2815E-CCEE-4B63-BE89-7D8711928A55}.Debug|x86.Build.0 = Debug|Win32
		{0CE2815E-CCEE-4B63-BE89-7D8711928A55}.Release|x64.ActiveCfg = Release|x64
		{0CE2815E-CCEE-4B63-BE89-7D8711928A55}.Release|x64.Build.0 = Release|x64
		{0CE2815E-CCEE-4B63-BE89-7D8711928A55}.Release|x86.ActiveCfg = Release|Win32
		{0CE2815E-CCEE-4B63-BE89-7D8711928A55}.Release|x86.Build.0 = Release|Win32
		{87D3B374-2A36-4FC9-947F-765FBDC9AEC1}.Debug|x64.ActiveCfg = Debug|x64
		{87D3B374-2A36-4FC9-947F-765FBDC9AEC1}.Debug|x64.Build.0 = Debug|x64
		{87D3B374-2A36-4FC9-947F-765FBDC9AEC1}.Debug|x86.ActiveCfg = Debug|Win32
		{87D3B374-2A36-4FC9-947F-765FBDC9AEC1}.Debug|x86.Build.0 = Debug|Win32
		{87D3B374-2A36-4FC9-947F-765FBDC9AEC1}.Release|x64.ActiveCfg = Release|x64
		{87D3B374-2A36-4FC9-947F-765FBDC9AEC1}.Release|x64.Build.0 = Release|x64
		{87D3B374-2A36-4FC9-947F-765FBDC9AEC1}.Release|x86.ActiveCfg = Release|Win32
		{87D3B374-2A36-4FC9-947F-765FBDC9AEC1}.Release|x86.Build.0 = Release|Win32
		{C72A5E97-4665-46A3-B060-7AF588CF99A7}.Debug|x64.ActiveCfg = Debug|x64
		{C72A5E97-4665-46A3-B060-7AF588CF99A7}.Debug|x64.Build.0 = Debug|x64
		{C72A5E97-4665-46A3-B060-7AF588CF99A7}.Debug|x86.ActiveCfg = Debug|Win32
		{C72A5E97-4665-46A3-B060-7AF588CF99A7}.Debug|x86.Build.0 = Debug|Win32
		{C72A5E97-4665-46A3-B060-7AF588CF99A7}.Release|x64.ActiveCfg = Release|x64
		{C72A5E97-4665-46A3-B060-7AF588CF99A7}.Release|x64.Build.0 = Release|x64
		{C72A5E97-4665-46A3-B060-7AF588CF99A7}.Release|x86.ActiveCfg = Release|Win32
		{C72A5E97-4665-46A3-B060-7AF588CF99A7}.Release|x86.Build.0 = Release|Win32
		{14668DF8-4869-45B5-AC0A-F3D635C6E464}.Debug|x64.ActiveCfg = Debug|x64
		{14668DF8-4869-45B5-AC0A-F3D635C6E464}.Debug|x64.Build.0 = Debug|x64
		{14668DF8-4869-45B5-AC0A-F3D635C6E464}.Debug|x86.ActiveCfg = Debug|Win32
		{14668DF8-4869-45B5-AC0A-F3D635C6E464}.Debug|x86.Build.0 = Debug|Win32
		{14668DF8-4869-45B5-AC0A-F3D635C6E464}.Release|x64.ActiveCfg = Release|x64
		{14668DF8-4869-45B5-AC0A-F3D635C6E464}.Release|x64.Build.0 = Release|x64
		{14668DF8-4869-45B5-AC0A-F3D635C6E464}.Release|x86.ActiveCfg = Release|Win32
		{14668DF8-4869-45B5-AC0A-F3D635C6E464}.Release|x86.Build.0 = Release|Win32
		{3B5C1F00-0983-4B5B-9140-0D68160675BD}.Debug|x64.ActiveCfg = Debug|x64
		{3B5C1F00-0983-4B5B-9140-0D68160675BD}.Debug|x64.Build.0 = Debug|x64
		{3B5C1F00-0983-4B5B-9140-0D68160675BD}.Debug|x86.ActiveCfg = Debug|Win32
		{3B5C1F00-0983-4B5B-9140-0D68160675BD}.Debug|x86.Build.0 = Debug|Win32
		{3B5C1F00-0983-4B5B-9140-0D68160675BD}.Release|x64.ActiveCfg = Release|x64
		{3B5C1F00-0983-4B5B-9140-0D68160675BD}.Release|x64.Build.0 = Release|x64
		{3B5C1F00-0983-4B5B-9140-0D68160675BD}.Release|x86.ActiveCfg = Release|Win32
		{3B5C1F00-0983-4B5B-9140-0D68160675BD}.Release|x86.Build.0 = Release|Win32
		{26E05549-9310-4D4B-93A3-23B853CD6BF4}.Debug|x64.ActiveCfg = Debug|x64
		{26E05549-9310-4D4B-93A3-23B853CD6BF4}.Debug|x64.Build.0 = Debug|x64
		{26E05549-9310-4D4B-93A3-23B853CD6BF4}.Debug|x86.ActiveCfg = Debug|Win32
		{26E05549-9310-4D4B-93A3-23B853CD6BF4}.Debug|x86.Build.0 = Debug|Win32
		{26E05549-9310-4D4B-93A3-23B853CD6BF4}.Release|x64.ActiveCfg = Release|x64
		{26E05549-9310-4D4B-93A3-23B853CD6BF4}.Release|x64.Build.0 = Release|x64
		{26E05549-9310-4D4B-93A3-23B853CD6BF4}.Release|x86.ActiveCfg = Release|Win32
		{26E05549-9310-4D4B-93A3-23B853CD6BF4}.Release|x86.Build.0 = Release|Win32
		{2A5F7410-4D29-4250-B88D-FA320BF17170}.Debug|x64.ActiveCfg = Debug|x64
		{2A5F7410-4D29-4250-B88D-FA320BF17170}.Debug|x64.Build.0 = Debug|x64
		{2A5F7410-4D29-4250-B88D-FA320BF17170}.Debug|x86.ActiveCfg = Debug|Win32
		{2A5F7410-4D29-4250-B88D-FA320BF17170}.Debug|x86.Build.0 = Debug|Win32
		{2A5F7410-4D29-4250-B88D-FA320BF17170}.Release|x64.ActiveCfg = Release|x64
		{2A5F7410-4D29-4250-B88D-FA320BF17170}.Release|x64.Build.0 = Release|x64
		{2A5F7410-4D29-4250-B88D-FA320BF17170}.Release|x86.ActiveCfg = Release|Win32
		{2A5F7410-4D29-4250-B88D-FA320BF17170}.Release|x86.Build.0 = Release|Win32
	EndGlobalSection
	GlobalSection(SolutionProperties) = preSolution
		HideSolutionNode = FALSE
	EndGlobalSection
	GlobalSection(ExtensibilityGlobals) = postSolution
		SolutionGuid = {E6807370-69B7-4C46-B6EF-EBEDFDC50596}
	EndGlobalSection
EndGlobal
