
Microsoft Visual Studio Solution File, Format Version 12.00
# Visual Studio Version 16
VisualStudioVersion = 16.0.31321.278
MinimumVisualStudioVersion = 10.0.40219.1
Project("{8BC9CEB8-8B4A-11D0-8D11-00A0C91BC942}") = "Day002", "Day002\Day002.vcxproj", "{0CB62411-E9A6-4016-94A9-93F1F4096E1B}"
EndProject
Project("{8BC9CEB8-8B4A-11D0-8D11-00A0C91BC942}") = "If_1", "If_1\If_1.vcxproj", "{55C0D891-F822-4AF9-BAA0-EE47FE5C1F99}"
EndProject
Project("{8BC9CEB8-8B4A-11D0-8D11-00A0C91BC942}") = "switch", "switch\switch.vcxproj", "{6BFA7AAB-34D8-4C12-BFEE-680C2EAA4FBF}"
EndProject
Project("{8BC9CEB8-8B4A-11D0-8D11-00A0C91BC942}") = "Loop_1", "Loop_1\Loop_1.vcxproj", "{3003A506-1B16-4314-8C8A-FFB494864848}"
EndProject
Project("{8BC9CEB8-8B4A-11D0-8D11-00A0C91BC942}") = "Loop_2", "Loop_2\Loop_2.vcxproj", "{3B7DD457-D4D1-4DA4-90FD-16F878F69038}"
EndProject
Project("{8BC9CEB8-8B4A-11D0-8D11-00A0C91BC942}") = "score_2", "score_2\score_2.vcxproj", "{0092CE5A-2C0F-4887-BFCF-F023BF618FAC}"
EndProject
Project("{8BC9CEB8-8B4A-11D0-8D11-00A0C91BC942}") = "String", "String\String.vcxproj", "{CBEEB63D-74D2-4589-9A99-CBA0B5E00280}"
EndProject
Project("{8BC9CEB8-8B4A-11D0-8D11-00A0C91BC942}") = "String_2", "String_2\String_2.vcxproj", "{E15C663A-CF4B-4606-BCEB-10BEA6401226}"
EndProject
Project("{8BC9CEB8-8B4A-11D0-8D11-00A0C91BC942}") = "String_3", "String_3\String_3.vcxproj", "{06F9F61B-B414-44C4-9FBB-3E6FF9BFE63E}"
EndProject
Project("{8BC9CEB8-8B4A-11D0-8D11-00A0C91BC942}") = "Game", "Game\Game.vcxproj", "{2AC0B9F3-53B7-42E8-B1B1-1C2C8D7D8FE2}"
EndProject
Project("{8BC9CEB8-8B4A-11D0-8D11-00A0C91BC942}") = "Array_1", "Array_1\Array_1.vcxproj", "{A932B5B3-70C4-44DF-810D-1A49E863E6AC}"
EndProject
Project("{8BC9CEB8-8B4A-11D0-8D11-00A0C91BC942}") = "Array_2", "Array_2\Array_2.vcxproj", "{E0EB60DB-A161-4449-829D-15BB7B6F5989}"
EndProject
Project("{8BC9CEB8-8B4A-11D0-8D11-00A0C91BC942}") = "Array_3", "Array_3\Array_3.vcxproj", "{779F8553-3E30-473E-8993-E6F1E4F57FA9}"
EndProject
Project("{8BC9CEB8-8B4A-11D0-8D11-00A0C91BC942}") = "Pointer_1", "Pointer_1\Pointer_1.vcxproj", "{333DAD46-1C41-4642-9E7C-1677E5C956F9}"
EndProject
Project("{8BC9CEB8-8B4A-11D0-8D11-00A0C91BC942}") = "Function_1", "Function_1\Function_1.vcxproj", "{3CBCD2C0-2B5F-4997-91F5-30AB2CC59560}"
EndProject
Project("{8BC9CEB8-8B4A-11D0-8D11-00A0C91BC942}") = "Structure_1", "Structure_1\Structure_1.vcxproj", "{3D26F522-9895-430B-9BAD-A3A45A5FF91B}"
EndProject
Project("{8BC9CEB8-8B4A-11D0-8D11-00A0C91BC942}") = "Structure_2", "Structure_2\Structure_2.vcxproj", "{FA3B7993-0FA3-4D8B-A64A-F0B34F2AAD05}"
EndProject
Global
	GlobalSection(SolutionConfigurationPlatforms) = preSolution
		Debug|x64 = Debug|x64
		Debug|x86 = Debug|x86
		Release|x64 = Release|x64
		Release|x86 = Release|x86
	EndGlobalSection
	GlobalSection(ProjectConfigurationPlatforms) = postSolution
		{0CB62411-E9A6-4016-94A9-93F1F4096E1B}.Debug|x64.ActiveCfg = Debug|x64
		{0CB62411-E9A6-4016-94A9-93F1F4096E1B}.Debug|x64.Build.0 = Debug|x64
		{0CB62411-E9A6-4016-94A9-93F1F4096E1B}.Debug|x86.ActiveCfg = Debug|Win32
		{0CB62411-E9A6-4016-94A9-93F1F4096E1B}.Debug|x86.Build.0 = Debug|Win32
		{0CB62411-E9A6-4016-94A9-93F1F4096E1B}.Release|x64.ActiveCfg = Release|x64
		{0CB62411-E9A6-4016-94A9-93F1F4096E1B}.Release|x64.Build.0 = Release|x64
		{0CB62411-E9A6-4016-94A9-93F1F4096E1B}.Release|x86.ActiveCfg = Release|Win32
		{0CB62411-E9A6-4016-94A9-93F1F4096E1B}.Release|x86.Build.0 = Release|Win32
		{55C0D891-F822-4AF9-BAA0-EE47FE5C1F99}.Debug|x64.ActiveCfg = Debug|x64
		{55C0D891-F822-4AF9-BAA0-EE47FE5C1F99}.Debug|x64.Build.0 = Debug|x64
		{55C0D891-F822-4AF9-BAA0-EE47FE5C1F99}.Debug|x86.ActiveCfg = Debug|Win32
		{55C0D891-F822-4AF9-BAA0-EE47FE5C1F99}.Debug|x86.Build.0 = Debug|Win32
		{55C0D891-F822-4AF9-BAA0-EE47FE5C1F99}.Release|x64.ActiveCfg = Release|x64
		{55C0D891-F822-4AF9-BAA0-EE47FE5C1F99}.Release|x64.Build.0 = Release|x64
		{55C0D891-F822-4AF9-BAA0-EE47FE5C1F99}.Release|x86.ActiveCfg = Release|Win32
		{55C0D891-F822-4AF9-BAA0-EE47FE5C1F99}.Release|x86.Build.0 = Release|Win32
		{6BFA7AAB-34D8-4C12-BFEE-680C2EAA4FBF}.Debug|x64.ActiveCfg = Debug|x64
		{6BFA7AAB-34D8-4C12-BFEE-680C2EAA4FBF}.Debug|x64.Build.0 = Debug|x64
		{6BFA7AAB-34D8-4C12-BFEE-680C2EAA4FBF}.Debug|x86.ActiveCfg = Debug|Win32
		{6BFA7AAB-34D8-4C12-BFEE-680C2EAA4FBF}.Debug|x86.Build.0 = Debug|Win32
		{6BFA7AAB-34D8-4C12-BFEE-680C2EAA4FBF}.Release|x64.ActiveCfg = Release|x64
		{6BFA7AAB-34D8-4C12-BFEE-680C2EAA4FBF}.Release|x64.Build.0 = Release|x64
		{6BFA7AAB-34D8-4C12-BFEE-680C2EAA4FBF}.Release|x86.ActiveCfg = Release|Win32
		{6BFA7AAB-34D8-4C12-BFEE-680C2EAA4FBF}.Release|x86.Build.0 = Release|Win32
		{3003A506-1B16-4314-8C8A-FFB494864848}.Debug|x64.ActiveCfg = Debug|x64
		{3003A506-1B16-4314-8C8A-FFB494864848}.Debug|x64.Build.0 = Debug|x64
		{3003A506-1B16-4314-8C8A-FFB494864848}.Debug|x86.ActiveCfg = Debug|Win32
		{3003A506-1B16-4314-8C8A-FFB494864848}.Debug|x86.Build.0 = Debug|Win32
		{3003A506-1B16-4314-8C8A-FFB494864848}.Release|x64.ActiveCfg = Release|x64
		{3003A506-1B16-4314-8C8A-FFB494864848}.Release|x64.Build.0 = Release|x64
		{3003A506-1B16-4314-8C8A-FFB494864848}.Release|x86.ActiveCfg = Release|Win32
		{3003A506-1B16-4314-8C8A-FFB494864848}.Release|x86.Build.0 = Release|Win32
		{3B7DD457-D4D1-4DA4-90FD-16F878F69038}.Debug|x64.ActiveCfg = Debug|x64
		{3B7DD457-D4D1-4DA4-90FD-16F878F69038}.Debug|x64.Build.0 = Debug|x64
		{3B7DD457-D4D1-4DA4-90FD-16F878F69038}.Debug|x86.ActiveCfg = Debug|Win32
		{3B7DD457-D4D1-4DA4-90FD-16F878F69038}.Debug|x86.Build.0 = Debug|Win32
		{3B7DD457-D4D1-4DA4-90FD-16F878F69038}.Release|x64.ActiveCfg = Release|x64
		{3B7DD457-D4D1-4DA4-90FD-16F878F69038}.Release|x64.Build.0 = Release|x64
		{3B7DD457-D4D1-4DA4-90FD-16F878F69038}.Release|x86.ActiveCfg = Release|Win32
		{3B7DD457-D4D1-4DA4-90FD-16F878F69038}.Release|x86.Build.0 = Release|Win32
		{0092CE5A-2C0F-4887-BFCF-F023BF618FAC}.Debug|x64.ActiveCfg = Debug|x64
		{0092CE5A-2C0F-4887-BFCF-F023BF618FAC}.Debug|x64.Build.0 = Debug|x64
		{0092CE5A-2C0F-4887-BFCF-F023BF618FAC}.Debug|x86.ActiveCfg = Debug|Win32
		{0092CE5A-2C0F-4887-BFCF-F023BF618FAC}.Debug|x86.Build.0 = Debug|Win32
		{0092CE5A-2C0F-4887-BFCF-F023BF618FAC}.Release|x64.ActiveCfg = Release|x64
		{0092CE5A-2C0F-4887-BFCF-F023BF618FAC}.Release|x64.Build.0 = Release|x64
		{0092CE5A-2C0F-4887-BFCF-F023BF618FAC}.Release|x86.ActiveCfg = Release|Win32
		{0092CE5A-2C0F-4887-BFCF-F023BF618FAC}.Release|x86.Build.0 = Release|Win32
		{CBEEB63D-74D2-4589-9A99-CBA0B5E00280}.Debug|x64.ActiveCfg = Debug|x64
		{CBEEB63D-74D2-4589-9A99-CBA0B5E00280}.Debug|x64.Build.0 = Debug|x64
		{CBEEB63D-74D2-4589-9A99-CBA0B5E00280}.Debug|x86.ActiveCfg = Debug|Win32
		{CBEEB63D-74D2-4589-9A99-CBA0B5E00280}.Debug|x86.Build.0 = Debug|Win32
		{CBEEB63D-74D2-4589-9A99-CBA0B5E00280}.Release|x64.ActiveCfg = Release|x64
		{CBEEB63D-74D2-4589-9A99-CBA0B5E00280}.Release|x64.Build.0 = Release|x64
		{CBEEB63D-74D2-4589-9A99-CBA0B5E00280}.Release|x86.ActiveCfg = Release|Win32
		{CBEEB63D-74D2-4589-9A99-CBA0B5E00280}.Release|x86.Build.0 = Release|Win32
		{E15C663A-CF4B-4606-BCEB-10BEA6401226}.Debug|x64.ActiveCfg = Debug|x64
		{E15C663A-CF4B-4606-BCEB-10BEA6401226}.Debug|x64.Build.0 = Debug|x64
		{E15C663A-CF4B-4606-BCEB-10BEA6401226}.Debug|x86.ActiveCfg = Debug|Win32
		{E15C663A-CF4B-4606-BCEB-10BEA6401226}.Debug|x86.Build.0 = Debug|Win32
		{E15C663A-CF4B-4606-BCEB-10BEA6401226}.Release|x64.ActiveCfg = Release|x64
		{E15C663A-CF4B-4606-BCEB-10BEA6401226}.Release|x64.Build.0 = Release|x64
		{E15C663A-CF4B-4606-BCEB-10BEA6401226}.Release|x86.ActiveCfg = Release|Win32
		{E15C663A-CF4B-4606-BCEB-10BEA6401226}.Release|x86.Build.0 = Release|Win32
		{06F9F61B-B414-44C4-9FBB-3E6FF9BFE63E}.Debug|x64.ActiveCfg = Debug|x64
		{06F9F61B-B414-44C4-9FBB-3E6FF9BFE63E}.Debug|x64.Build.0 = Debug|x64
		{06F9F61B-B414-44C4-9FBB-3E6FF9BFE63E}.Debug|x86.ActiveCfg = Debug|Win32
		{06F9F61B-B414-44C4-9FBB-3E6FF9BFE63E}.Debug|x86.Build.0 = Debug|Win32
		{06F9F61B-B414-44C4-9FBB-3E6FF9BFE63E}.Release|x64.ActiveCfg = Release|x64
		{06F9F61B-B414-44C4-9FBB-3E6FF9BFE63E}.Release|x64.Build.0 = Release|x64
		{06F9F61B-B414-44C4-9FBB-3E6FF9BFE63E}.Release|x86.ActiveCfg = Release|Win32
		{06F9F61B-B414-44C4-9FBB-3E6FF9BFE63E}.Release|x86.Build.0 = Release|Win32
		{2AC0B9F3-53B7-42E8-B1B1-1C2C8D7D8FE2}.Debug|x64.ActiveCfg = Debug|x64
		{2AC0B9F3-53B7-42E8-B1B1-1C2C8D7D8FE2}.Debug|x64.Build.0 = Debug|x64
		{2AC0B9F3-53B7-42E8-B1B1-1C2C8D7D8FE2}.Debug|x86.ActiveCfg = Debug|Win32
		{2AC0B9F3-53B7-42E8-B1B1-1C2C8D7D8FE2}.Debug|x86.Build.0 = Debug|Win32
		{2AC0B9F3-53B7-42E8-B1B1-1C2C8D7D8FE2}.Release|x64.ActiveCfg = Release|x64
		{2AC0B9F3-53B7-42E8-B1B1-1C2C8D7D8FE2}.Release|x64.Build.0 = Release|x64
		{2AC0B9F3-53B7-42E8-B1B1-1C2C8D7D8FE2}.Release|x86.ActiveCfg = Release|Win32
		{2AC0B9F3-53B7-42E8-B1B1-1C2C8D7D8FE2}.Release|x86.Build.0 = Release|Win32
		{A932B5B3-70C4-44DF-810D-1A49E863E6AC}.Debug|x64.ActiveCfg = Debug|x64
		{A932B5B3-70C4-44DF-810D-1A49E863E6AC}.Debug|x64.Build.0 = Debug|x64
		{A932B5B3-70C4-44DF-810D-1A49E863E6AC}.Debug|x86.ActiveCfg = Debug|Win32
		{A932B5B3-70C4-44DF-810D-1A49E863E6AC}.Debug|x86.Build.0 = Debug|Win32
		{A932B5B3-70C4-44DF-810D-1A49E863E6AC}.Release|x64.ActiveCfg = Release|x64
		{A932B5B3-70C4-44DF-810D-1A49E863E6AC}.Release|x64.Build.0 = Release|x64
		{A932B5B3-70C4-44DF-810D-1A49E863E6AC}.Release|x86.ActiveCfg = Release|Win32
		{A932B5B3-70C4-44DF-810D-1A49E863E6AC}.Release|x86.Build.0 = Release|Win32
		{E0EB60DB-A161-4449-829D-15BB7B6F5989}.Debug|x64.ActiveCfg = Debug|x64
		{E0EB60DB-A161-4449-829D-15BB7B6F5989}.Debug|x64.Build.0 = Debug|x64
		{E0EB60DB-A161-4449-829D-15BB7B6F5989}.Debug|x86.ActiveCfg = Debug|Win32
		{E0EB60DB-A161-4449-829D-15BB7B6F5989}.Debug|x86.Build.0 = Debug|Win32
		{E0EB60DB-A161-4449-829D-15BB7B6F5989}.Release|x64.ActiveCfg = Release|x64
		{E0EB60DB-A161-4449-829D-15BB7B6F5989}.Release|x64.Build.0 = Release|x64
		{E0EB60DB-A161-4449-829D-15BB7B6F5989}.Release|x86.ActiveCfg = Release|Win32
		{E0EB60DB-A161-4449-829D-15BB7B6F5989}.Release|x86.Build.0 = Release|Win32
		{779F8553-3E30-473E-8993-E6F1E4F57FA9}.Debug|x64.ActiveCfg = Debug|x64
		{779F8553-3E30-473E-8993-E6F1E4F57FA9}.Debug|x64.Build.0 = Debug|x64
		{779F8553-3E30-473E-8993-E6F1E4F57FA9}.Debug|x86.ActiveCfg = Debug|Win32
		{779F8553-3E30-473E-8993-E6F1E4F57FA9}.Debug|x86.Build.0 = Debug|Win32
		{779F8553-3E30-473E-8993-E6F1E4F57FA9}.Release|x64.ActiveCfg = Release|x64
		{779F8553-3E30-473E-8993-E6F1E4F57FA9}.Release|x64.Build.0 = Release|x64
		{779F8553-3E30-473E-8993-E6F1E4F57FA9}.Release|x86.ActiveCfg = Release|Win32
		{779F8553-3E30-473E-8993-E6F1E4F57FA9}.Release|x86.Build.0 = Release|Win32
		{333DAD46-1C41-4642-9E7C-1677E5C956F9}.Debug|x64.ActiveCfg = Debug|x64
		{333DAD46-1C41-4642-9E7C-1677E5C956F9}.Debug|x64.Build.0 = Debug|x64
		{333DAD46-1C41-4642-9E7C-1677E5C956F9}.Debug|x86.ActiveCfg = Debug|Win32
		{333DAD46-1C41-4642-9E7C-1677E5C956F9}.Debug|x86.Build.0 = Debug|Win32
		{333DAD46-1C41-4642-9E7C-1677E5C956F9}.Release|x64.ActiveCfg = Release|x64
		{333DAD46-1C41-4642-9E7C-1677E5C956F9}.Release|x64.Build.0 = Release|x64
		{333DAD46-1C41-4642-9E7C-1677E5C956F9}.Release|x86.ActiveCfg = Release|Win32
		{333DAD46-1C41-4642-9E7C-1677E5C956F9}.Release|x86.Build.0 = Release|Win32
		{3CBCD2C0-2B5F-4997-91F5-30AB2CC59560}.Debug|x64.ActiveCfg = Debug|x64
		{3CBCD2C0-2B5F-4997-91F5-30AB2CC59560}.Debug|x64.Build.0 = Debug|x64
		{3CBCD2C0-2B5F-4997-91F5-30AB2CC59560}.Debug|x86.ActiveCfg = Debug|Win32
		{3CBCD2C0-2B5F-4997-91F5-30AB2CC59560}.Debug|x86.Build.0 = Debug|Win32
		{3CBCD2C0-2B5F-4997-91F5-30AB2CC59560}.Release|x64.ActiveCfg = Release|x64
		{3CBCD2C0-2B5F-4997-91F5-30AB2CC59560}.Release|x64.Build.0 = Release|x64
		{3CBCD2C0-2B5F-4997-91F5-30AB2CC59560}.Release|x86.ActiveCfg = Release|Win32
		{3CBCD2C0-2B5F-4997-91F5-30AB2CC59560}.Release|x86.Build.0 = Release|Win32
		{3D26F522-9895-430B-9BAD-A3A45A5FF91B}.Debug|x64.ActiveCfg = Debug|x64
		{3D26F522-9895-430B-9BAD-A3A45A5FF91B}.Debug|x64.Build.0 = Debug|x64
		{3D26F522-9895-430B-9BAD-A3A45A5FF91B}.Debug|x86.ActiveCfg = Debug|Win32
		{3D26F522-9895-430B-9BAD-A3A45A5FF91B}.Debug|x86.Build.0 = Debug|Win32
		{3D26F522-9895-430B-9BAD-A3A45A5FF91B}.Release|x64.ActiveCfg = Release|x64
		{3D26F522-9895-430B-9BAD-A3A45A5FF91B}.Release|x64.Build.0 = Release|x64
		{3D26F522-9895-430B-9BAD-A3A45A5FF91B}.Release|x86.ActiveCfg = Release|Win32
		{3D26F522-9895-430B-9BAD-A3A45A5FF91B}.Release|x86.Build.0 = Release|Win32
		{FA3B7993-0FA3-4D8B-A64A-F0B34F2AAD05}.Debug|x64.ActiveCfg = Debug|x64
		{FA3B7993-0FA3-4D8B-A64A-F0B34F2AAD05}.Debug|x64.Build.0 = Debug|x64
		{FA3B7993-0FA3-4D8B-A64A-F0B34F2AAD05}.Debug|x86.ActiveCfg = Debug|Win32
		{FA3B7993-0FA3-4D8B-A64A-F0B34F2AAD05}.Debug|x86.Build.0 = Debug|Win32
		{FA3B7993-0FA3-4D8B-A64A-F0B34F2AAD05}.Release|x64.ActiveCfg = Release|x64
		{FA3B7993-0FA3-4D8B-A64A-F0B34F2AAD05}.Release|x64.Build.0 = Release|x64
		{FA3B7993-0FA3-4D8B-A64A-F0B34F2AAD05}.Release|x86.ActiveCfg = Release|Win32
		{FA3B7993-0FA3-4D8B-A64A-F0B34F2AAD05}.Release|x86.Build.0 = Release|Win32
	EndGlobalSection
	GlobalSection(SolutionProperties) = preSolution
		HideSolutionNode = FALSE
	EndGlobalSection
	GlobalSection(ExtensibilityGlobals) = postSolution
		SolutionGuid = {1091E3BF-C093-4E3C-BA27-C6211A493912}
	EndGlobalSection
EndGlobal
