
Microsoft Visual Studio Solution File, Format Version 12.00
# Visual Studio Version 16
VisualStudioVersion = 16.0.31321.278
MinimumVisualStudioVersion = 10.0.40219.1
Project("{8BC9CEB8-8B4A-11D0-8D11-00A0C91BC942}") = "Standard_1", "Standard_1\Standard_1.vcxproj", "{84A1068B-FA92-4DA6-9834-9E7F12DF8152}"
EndProject
Project("{8BC9CEB8-8B4A-11D0-8D11-00A0C91BC942}") = "Standard_2", "Standard_2\Standard_2.vcxproj", "{56A6B28A-9BC7-4DFD-9F56-251A281D662E}"
EndProject
Project("{8BC9CEB8-8B4A-11D0-8D11-00A0C91BC942}") = "Standard_3", "Standard_3\Standard_3.vcxproj", "{E47AEC45-54A4-475F-8E9D-476F87553EAC}"
EndProject
Project("{8BC9CEB8-8B4A-11D0-8D11-00A0C91BC942}") = "Vector", "Vector\Vector.vcxproj", "{98AC406E-B5BE-4D78-8E78-B6D587B4A554}"
EndProject
Project("{8BC9CEB8-8B4A-11D0-8D11-00A0C91BC942}") = "Vector_2", "Vector_2\Vector_2.vcxproj", "{7A1430A8-BC4D-416D-92F8-062E9DB78DA1}"
EndProject
Project("{8BC9CEB8-8B4A-11D0-8D11-00A0C91BC942}") = "Iterator_1", "Iterator_1\Iterator_1.vcxproj", "{6CF099FF-637B-49CC-9C16-84F8E97E4902}"
EndProject
Project("{8BC9CEB8-8B4A-11D0-8D11-00A0C91BC942}") = "Map_1", "Map_1\Map_1.vcxproj", "{416A4D40-4C0A-4A02-8A8B-FDDC7FD2D6B9}"
EndProject
Project("{8BC9CEB8-8B4A-11D0-8D11-00A0C91BC942}") = "Algorithm", "Algorithm\Algorithm.vcxproj", "{9915873F-F09E-4C45-AE42-F1FAC705651D}"
EndProject
Project("{8BC9CEB8-8B4A-11D0-8D11-00A0C91BC942}") = "Auto", "Auto\Auto.vcxproj", "{94F62D3F-A435-45AF-ACB9-9BF95FCAAECC}"
EndProject
Project("{8BC9CEB8-8B4A-11D0-8D11-00A0C91BC942}") = "Auto_2", "Auto_2\Auto_2.vcxproj", "{3A78B716-7A57-411D-9F4F-0131E558AD4D}"
EndProject
Project("{8BC9CEB8-8B4A-11D0-8D11-00A0C91BC942}") = "Lambda", "Lambda\Lambda.vcxproj", "{93D7ACE6-674D-4596-AA5A-F91CBA26855F}"
EndProject
Project("{8BC9CEB8-8B4A-11D0-8D11-00A0C91BC942}") = "Lambda_2", "Lambda_2\Lambda_2.vcxproj", "{E0871F43-DA28-4EBE-8FBF-2E4A8A35BDE2}"
EndProject
Project("{8BC9CEB8-8B4A-11D0-8D11-00A0C91BC942}") = "Lambda_3", "Lambda_3\Lambda_3.vcxproj", "{5C16BB93-B190-439A-AB38-178B5902DF8F}"
EndProject
Project("{8BC9CEB8-8B4A-11D0-8D11-00A0C91BC942}") = "For_each", "For_each\For_each.vcxproj", "{345CAB6E-71CF-49D7-A276-FA0AA7202F78}"
EndProject
Project("{8BC9CEB8-8B4A-11D0-8D11-00A0C91BC942}") = "Project2", "Project2\Project2.vcxproj", "{7355C2D0-9B2C-4246-A266-74268592E8BF}"
EndProject
Project("{8BC9CEB8-8B4A-11D0-8D11-00A0C91BC942}") = "Book", "Book\Book.vcxproj", "{90271355-FE8D-42F2-BC88-8CBC2867E80D}"
EndProject
Project("{8BC9CEB8-8B4A-11D0-8D11-00A0C91BC942}") = "Book_2", "Book_2\Book_2.vcxproj", "{B0822986-086B-4713-A846-4CEA5716AB99}"
EndProject
Project("{8BC9CEB8-8B4A-11D0-8D11-00A0C91BC942}") = "Project3", "Project3\Project3.vcxproj", "{257BD81C-A53B-4ECF-BE26-AADC605154C5}"
EndProject
Project("{8BC9CEB8-8B4A-11D0-8D11-00A0C91BC942}") = "String", "String\String.vcxproj", "{E9EE9D2E-CAD4-44CA-8500-E6C9C8B831BF}"
EndProject
Global
	GlobalSection(SolutionConfigurationPlatforms) = preSolution
		Debug|x64 = Debug|x64
		Debug|x86 = Debug|x86
		Release|x64 = Release|x64
		Release|x86 = Release|x86
	EndGlobalSection
	GlobalSection(ProjectConfigurationPlatforms) = postSolution
		{84A1068B-FA92-4DA6-9834-9E7F12DF8152}.Debug|x64.ActiveCfg = Debug|x64
		{84A1068B-FA92-4DA6-9834-9E7F12DF8152}.Debug|x64.Build.0 = Debug|x64
		{84A1068B-FA92-4DA6-9834-9E7F12DF8152}.Debug|x86.ActiveCfg = Debug|Win32
		{84A1068B-FA92-4DA6-9834-9E7F12DF8152}.Debug|x86.Build.0 = Debug|Win32
		{84A1068B-FA92-4DA6-9834-9E7F12DF8152}.Release|x64.ActiveCfg = Release|x64
		{84A1068B-FA92-4DA6-9834-9E7F12DF8152}.Release|x64.Build.0 = Release|x64
		{84A1068B-FA92-4DA6-9834-9E7F12DF8152}.Release|x86.ActiveCfg = Release|Win32
		{84A1068B-FA92-4DA6-9834-9E7F12DF8152}.Release|x86.Build.0 = Release|Win32
		{56A6B28A-9BC7-4DFD-9F56-251A281D662E}.Debug|x64.ActiveCfg = Debug|x64
		{56A6B28A-9BC7-4DFD-9F56-251A281D662E}.Debug|x64.Build.0 = Debug|x64
		{56A6B28A-9BC7-4DFD-9F56-251A281D662E}.Debug|x86.ActiveCfg = Debug|Win32
		{56A6B28A-9BC7-4DFD-9F56-251A281D662E}.Debug|x86.Build.0 = Debug|Win32
		{56A6B28A-9BC7-4DFD-9F56-251A281D662E}.Release|x64.ActiveCfg = Release|x64
		{56A6B28A-9BC7-4DFD-9F56-251A281D662E}.Release|x64.Build.0 = Release|x64
		{56A6B28A-9BC7-4DFD-9F56-251A281D662E}.Release|x86.ActiveCfg = Release|Win32
		{56A6B28A-9BC7-4DFD-9F56-251A281D662E}.Release|x86.Build.0 = Release|Win32
		{E47AEC45-54A4-475F-8E9D-476F87553EAC}.Debug|x64.ActiveCfg = Debug|x64
		{E47AEC45-54A4-475F-8E9D-476F87553EAC}.Debug|x64.Build.0 = Debug|x64
		{E47AEC45-54A4-475F-8E9D-476F87553EAC}.Debug|x86.ActiveCfg = Debug|Win32
		{E47AEC45-54A4-475F-8E9D-476F87553EAC}.Debug|x86.Build.0 = Debug|Win32
		{E47AEC45-54A4-475F-8E9D-476F87553EAC}.Release|x64.ActiveCfg = Release|x64
		{E47AEC45-54A4-475F-8E9D-476F87553EAC}.Release|x64.Build.0 = Release|x64
		{E47AEC45-54A4-475F-8E9D-476F87553EAC}.Release|x86.ActiveCfg = Release|Win32
		{E47AEC45-54A4-475F-8E9D-476F87553EAC}.Release|x86.Build.0 = Release|Win32
		{98AC406E-B5BE-4D78-8E78-B6D587B4A554}.Debug|x64.ActiveCfg = Debug|x64
		{98AC406E-B5BE-4D78-8E78-B6D587B4A554}.Debug|x64.Build.0 = Debug|x64
		{98AC406E-B5BE-4D78-8E78-B6D587B4A554}.Debug|x86.ActiveCfg = Debug|Win32
		{98AC406E-B5BE-4D78-8E78-B6D587B4A554}.Debug|x86.Build.0 = Debug|Win32
		{98AC406E-B5BE-4D78-8E78-B6D587B4A554}.Release|x64.ActiveCfg = Release|x64
		{98AC406E-B5BE-4D78-8E78-B6D587B4A554}.Release|x64.Build.0 = Release|x64
		{98AC406E-B5BE-4D78-8E78-B6D587B4A554}.Release|x86.ActiveCfg = Release|Win32
		{98AC406E-B5BE-4D78-8E78-B6D587B4A554}.Release|x86.Build.0 = Release|Win32
		{7A1430A8-BC4D-416D-92F8-062E9DB78DA1}.Debug|x64.ActiveCfg = Debug|x64
		{7A1430A8-BC4D-416D-92F8-062E9DB78DA1}.Debug|x64.Build.0 = Debug|x64
		{7A1430A8-BC4D-416D-92F8-062E9DB78DA1}.Debug|x86.ActiveCfg = Debug|Win32
		{7A1430A8-BC4D-416D-92F8-062E9DB78DA1}.Debug|x86.Build.0 = Debug|Win32
		{7A1430A8-BC4D-416D-92F8-062E9DB78DA1}.Release|x64.ActiveCfg = Release|x64
		{7A1430A8-BC4D-416D-92F8-062E9DB78DA1}.Release|x64.Build.0 = Release|x64
		{7A1430A8-BC4D-416D-92F8-062E9DB78DA1}.Release|x86.ActiveCfg = Release|Win32
		{7A1430A8-BC4D-416D-92F8-062E9DB78DA1}.Release|x86.Build.0 = Release|Win32
		{6CF099FF-637B-49CC-9C16-84F8E97E4902}.Debug|x64.ActiveCfg = Debug|x64
		{6CF099FF-637B-49CC-9C16-84F8E97E4902}.Debug|x64.Build.0 = Debug|x64
		{6CF099FF-637B-49CC-9C16-84F8E97E4902}.Debug|x86.ActiveCfg = Debug|Win32
		{6CF099FF-637B-49CC-9C16-84F8E97E4902}.Debug|x86.Build.0 = Debug|Win32
		{6CF099FF-637B-49CC-9C16-84F8E97E4902}.Release|x64.ActiveCfg = Release|x64
		{6CF099FF-637B-49CC-9C16-84F8E97E4902}.Release|x64.Build.0 = Release|x64
		{6CF099FF-637B-49CC-9C16-84F8E97E4902}.Release|x86.ActiveCfg = Release|Win32
		{6CF099FF-637B-49CC-9C16-84F8E97E4902}.Release|x86.Build.0 = Release|Win32
		{416A4D40-4C0A-4A02-8A8B-FDDC7FD2D6B9}.Debug|x64.ActiveCfg = Debug|x64
		{416A4D40-4C0A-4A02-8A8B-FDDC7FD2D6B9}.Debug|x64.Build.0 = Debug|x64
		{416A4D40-4C0A-4A02-8A8B-FDDC7FD2D6B9}.Debug|x86.ActiveCfg = Debug|Win32
		{416A4D40-4C0A-4A02-8A8B-FDDC7FD2D6B9}.Debug|x86.Build.0 = Debug|Win32
		{416A4D40-4C0A-4A02-8A8B-FDDC7FD2D6B9}.Release|x64.ActiveCfg = Release|x64
		{416A4D40-4C0A-4A02-8A8B-FDDC7FD2D6B9}.Release|x64.Build.0 = Release|x64
		{416A4D40-4C0A-4A02-8A8B-FDDC7FD2D6B9}.Release|x86.ActiveCfg = Release|Win32
		{416A4D40-4C0A-4A02-8A8B-FDDC7FD2D6B9}.Release|x86.Build.0 = Release|Win32
		{9915873F-F09E-4C45-AE42-F1FAC705651D}.Debug|x64.ActiveCfg = Debug|x64
		{9915873F-F09E-4C45-AE42-F1FAC705651D}.Debug|x64.Build.0 = Debug|x64
		{9915873F-F09E-4C45-AE42-F1FAC705651D}.Debug|x86.ActiveCfg = Debug|Win32
		{9915873F-F09E-4C45-AE42-F1FAC705651D}.Debug|x86.Build.0 = Debug|Win32
		{9915873F-F09E-4C45-AE42-F1FAC705651D}.Release|x64.ActiveCfg = Release|x64
		{9915873F-F09E-4C45-AE42-F1FAC705651D}.Release|x64.Build.0 = Release|x64
		{9915873F-F09E-4C45-AE42-F1FAC705651D}.Release|x86.ActiveCfg = Release|Win32
		{9915873F-F09E-4C45-AE42-F1FAC705651D}.Release|x86.Build.0 = Release|Win32
		{94F62D3F-A435-45AF-ACB9-9BF95FCAAECC}.Debug|x64.ActiveCfg = Debug|x64
		{94F62D3F-A435-45AF-ACB9-9BF95FCAAECC}.Debug|x64.Build.0 = Debug|x64
		{94F62D3F-A435-45AF-ACB9-9BF95FCAAECC}.Debug|x86.ActiveCfg = Debug|Win32
		{94F62D3F-A435-45AF-ACB9-9BF95FCAAECC}.Debug|x86.Build.0 = Debug|Win32
		{94F62D3F-A435-45AF-ACB9-9BF95FCAAECC}.Release|x64.ActiveCfg = Release|x64
		{94F62D3F-A435-45AF-ACB9-9BF95FCAAECC}.Release|x64.Build.0 = Release|x64
		{94F62D3F-A435-45AF-ACB9-9BF95FCAAECC}.Release|x86.ActiveCfg = Release|Win32
		{94F62D3F-A435-45AF-ACB9-9BF95FCAAECC}.Release|x86.Build.0 = Release|Win32
		{3A78B716-7A57-411D-9F4F-0131E558AD4D}.Debug|x64.ActiveCfg = Debug|x64
		{3A78B716-7A57-411D-9F4F-0131E558AD4D}.Debug|x64.Build.0 = Debug|x64
		{3A78B716-7A57-411D-9F4F-0131E558AD4D}.Debug|x86.ActiveCfg = Debug|Win32
		{3A78B716-7A57-411D-9F4F-0131E558AD4D}.Debug|x86.Build.0 = Debug|Win32
		{3A78B716-7A57-411D-9F4F-0131E558AD4D}.Release|x64.ActiveCfg = Release|x64
		{3A78B716-7A57-411D-9F4F-0131E558AD4D}.Release|x64.Build.0 = Release|x64
		{3A78B716-7A57-411D-9F4F-0131E558AD4D}.Release|x86.ActiveCfg = Release|Win32
		{3A78B716-7A57-411D-9F4F-0131E558AD4D}.Release|x86.Build.0 = Release|Win32
		{93D7ACE6-674D-4596-AA5A-F91CBA26855F}.Debug|x64.ActiveCfg = Debug|x64
		{93D7ACE6-674D-4596-AA5A-F91CBA26855F}.Debug|x64.Build.0 = Debug|x64
		{93D7ACE6-674D-4596-AA5A-F91CBA26855F}.Debug|x86.ActiveCfg = Debug|Win32
		{93D7ACE6-674D-4596-AA5A-F91CBA26855F}.Debug|x86.Build.0 = Debug|Win32
		{93D7ACE6-674D-4596-AA5A-F91CBA26855F}.Release|x64.ActiveCfg = Release|x64
		{93D7ACE6-674D-4596-AA5A-F91CBA26855F}.Release|x64.Build.0 = Release|x64
		{93D7ACE6-674D-4596-AA5A-F91CBA26855F}.Release|x86.ActiveCfg = Release|Win32
		{93D7ACE6-674D-4596-AA5A-F91CBA26855F}.Release|x86.Build.0 = Release|Win32
		{E0871F43-DA28-4EBE-8FBF-2E4A8A35BDE2}.Debug|x64.ActiveCfg = Debug|x64
		{E0871F43-DA28-4EBE-8FBF-2E4A8A35BDE2}.Debug|x64.Build.0 = Debug|x64
		{E0871F43-DA28-4EBE-8FBF-2E4A8A35BDE2}.Debug|x86.ActiveCfg = Debug|Win32
		{E0871F43-DA28-4EBE-8FBF-2E4A8A35BDE2}.Debug|x86.Build.0 = Debug|Win32
		{E0871F43-DA28-4EBE-8FBF-2E4A8A35BDE2}.Release|x64.ActiveCfg = Release|x64
		{E0871F43-DA28-4EBE-8FBF-2E4A8A35BDE2}.Release|x64.Build.0 = Release|x64
		{E0871F43-DA28-4EBE-8FBF-2E4A8A35BDE2}.Release|x86.ActiveCfg = Release|Win32
		{E0871F43-DA28-4EBE-8FBF-2E4A8A35BDE2}.Release|x86.Build.0 = Release|Win32
		{5C16BB93-B190-439A-AB38-178B5902DF8F}.Debug|x64.ActiveCfg = Debug|x64
		{5C16BB93-B190-439A-AB38-178B5902DF8F}.Debug|x64.Build.0 = Debug|x64
		{5C16BB93-B190-439A-AB38-178B5902DF8F}.Debug|x86.ActiveCfg = Debug|Win32
		{5C16BB93-B190-439A-AB38-178B5902DF8F}.Debug|x86.Build.0 = Debug|Win32
		{5C16BB93-B190-439A-AB38-178B5902DF8F}.Release|x64.ActiveCfg = Release|x64
		{5C16BB93-B190-439A-AB38-178B5902DF8F}.Release|x64.Build.0 = Release|x64
		{5C16BB93-B190-439A-AB38-178B5902DF8F}.Release|x86.ActiveCfg = Release|Win32
		{5C16BB93-B190-439A-AB38-178B5902DF8F}.Release|x86.Build.0 = Release|Win32
		{345CAB6E-71CF-49D7-A276-FA0AA7202F78}.Debug|x64.ActiveCfg = Debug|x64
		{345CAB6E-71CF-49D7-A276-FA0AA7202F78}.Debug|x64.Build.0 = Debug|x64
		{345CAB6E-71CF-49D7-A276-FA0AA7202F78}.Debug|x86.ActiveCfg = Debug|Win32
		{345CAB6E-71CF-49D7-A276-FA0AA7202F78}.Debug|x86.Build.0 = Debug|Win32
		{345CAB6E-71CF-49D7-A276-FA0AA7202F78}.Release|x64.ActiveCfg = Release|x64
		{345CAB6E-71CF-49D7-A276-FA0AA7202F78}.Release|x64.Build.0 = Release|x64
		{345CAB6E-71CF-49D7-A276-FA0AA7202F78}.Release|x86.ActiveCfg = Release|Win32
		{345CAB6E-71CF-49D7-A276-FA0AA7202F78}.Release|x86.Build.0 = Release|Win32
		{7355C2D0-9B2C-4246-A266-74268592E8BF}.Debug|x64.ActiveCfg = Debug|x64
		{7355C2D0-9B2C-4246-A266-74268592E8BF}.Debug|x64.Build.0 = Debug|x64
		{7355C2D0-9B2C-4246-A266-74268592E8BF}.Debug|x86.ActiveCfg = Debug|Win32
		{7355C2D0-9B2C-4246-A266-74268592E8BF}.Debug|x86.Build.0 = Debug|Win32
		{7355C2D0-9B2C-4246-A266-74268592E8BF}.Release|x64.ActiveCfg = Release|x64
		{7355C2D0-9B2C-4246-A266-74268592E8BF}.Release|x64.Build.0 = Release|x64
		{7355C2D0-9B2C-4246-A266-74268592E8BF}.Release|x86.ActiveCfg = Release|Win32
		{7355C2D0-9B2C-4246-A266-74268592E8BF}.Release|x86.Build.0 = Release|Win32
		{90271355-FE8D-42F2-BC88-8CBC2867E80D}.Debug|x64.ActiveCfg = Debug|x64
		{90271355-FE8D-42F2-BC88-8CBC2867E80D}.Debug|x64.Build.0 = Debug|x64
		{90271355-FE8D-42F2-BC88-8CBC2867E80D}.Debug|x86.ActiveCfg = Debug|Win32
		{90271355-FE8D-42F2-BC88-8CBC2867E80D}.Debug|x86.Build.0 = Debug|Win32
		{90271355-FE8D-42F2-BC88-8CBC2867E80D}.Release|x64.ActiveCfg = Release|x64
		{90271355-FE8D-42F2-BC88-8CBC2867E80D}.Release|x64.Build.0 = Release|x64
		{90271355-FE8D-42F2-BC88-8CBC2867E80D}.Release|x86.ActiveCfg = Release|Win32
		{90271355-FE8D-42F2-BC88-8CBC2867E80D}.Release|x86.Build.0 = Release|Win32
		{B0822986-086B-4713-A846-4CEA5716AB99}.Debug|x64.ActiveCfg = Debug|x64
		{B0822986-086B-4713-A846-4CEA5716AB99}.Debug|x64.Build.0 = Debug|x64
		{B0822986-086B-4713-A846-4CEA5716AB99}.Debug|x86.ActiveCfg = Debug|Win32
		{B0822986-086B-4713-A846-4CEA5716AB99}.Debug|x86.Build.0 = Debug|Win32
		{B0822986-086B-4713-A846-4CEA5716AB99}.Release|x64.ActiveCfg = Release|x64
		{B0822986-086B-4713-A846-4CEA5716AB99}.Release|x64.Build.0 = Release|x64
		{B0822986-086B-4713-A846-4CEA5716AB99}.Release|x86.ActiveCfg = Release|Win32
		{B0822986-086B-4713-A846-4CEA5716AB99}.Release|x86.Build.0 = Release|Win32
		{257BD81C-A53B-4ECF-BE26-AADC605154C5}.Debug|x64.ActiveCfg = Debug|x64
		{257BD81C-A53B-4ECF-BE26-AADC605154C5}.Debug|x64.Build.0 = Debug|x64
		{257BD81C-A53B-4ECF-BE26-AADC605154C5}.Debug|x86.ActiveCfg = Debug|Win32
		{257BD81C-A53B-4ECF-BE26-AADC605154C5}.Debug|x86.Build.0 = Debug|Win32
		{257BD81C-A53B-4ECF-BE26-AADC605154C5}.Release|x64.ActiveCfg = Release|x64
		{257BD81C-A53B-4ECF-BE26-AADC605154C5}.Release|x64.Build.0 = Release|x64
		{257BD81C-A53B-4ECF-BE26-AADC605154C5}.Release|x86.ActiveCfg = Release|Win32
		{257BD81C-A53B-4ECF-BE26-AADC605154C5}.Release|x86.Build.0 = Release|Win32
		{E9EE9D2E-CAD4-44CA-8500-E6C9C8B831BF}.Debug|x64.ActiveCfg = Debug|x64
		{E9EE9D2E-CAD4-44CA-8500-E6C9C8B831BF}.Debug|x64.Build.0 = Debug|x64
		{E9EE9D2E-CAD4-44CA-8500-E6C9C8B831BF}.Debug|x86.ActiveCfg = Debug|Win32
		{E9EE9D2E-CAD4-44CA-8500-E6C9C8B831BF}.Debug|x86.Build.0 = Debug|Win32
		{E9EE9D2E-CAD4-44CA-8500-E6C9C8B831BF}.Release|x64.ActiveCfg = Release|x64
		{E9EE9D2E-CAD4-44CA-8500-E6C9C8B831BF}.Release|x64.Build.0 = Release|x64
		{E9EE9D2E-CAD4-44CA-8500-E6C9C8B831BF}.Release|x86.ActiveCfg = Release|Win32
		{E9EE9D2E-CAD4-44CA-8500-E6C9C8B831BF}.Release|x86.Build.0 = Release|Win32
	EndGlobalSection
	GlobalSection(SolutionProperties) = preSolution
		HideSolutionNode = FALSE
	EndGlobalSection
	GlobalSection(ExtensibilityGlobals) = postSolution
		SolutionGuid = {0FA2FD7F-141B-4E6D-B4C1-3A1871B75B5E}
	EndGlobalSection
EndGlobal
